// !$*UTF8*$!
{
	archiveVersion = 1;
	classes = {
	};
	objectVersion = 46;
	objects = {

/* Begin PBXBuildFile section */
		5B84A3AE1BF48BE200C795F8 /* OnlyHintsViewController.swift in Sources */ = {isa = PBXBuildFile; fileRef = 5B84A3AD1BF48BE200C795F8 /* OnlyHintsViewController.swift */; };
		C615FBAF1D7A1BB500EAEEFB /* TestFlowViewController.swift in Sources */ = {isa = PBXBuildFile; fileRef = C615FBAE1D7A1BB500EAEEFB /* TestFlowViewController.swift */; };
		C636FFAA1BBBD99200EB243B /* Assets.xcassets in Resources */ = {isa = PBXBuildFile; fileRef = C636FFA91BBBD99200EB243B /* Assets.xcassets */; };
		C636FFB11BBC329600EB243B /* TransparentCoachMarkArrowView.swift in Sources */ = {isa = PBXBuildFile; fileRef = C636FFAF1BBC329600EB243B /* TransparentCoachMarkArrowView.swift */; };
		C636FFB21BBC329600EB243B /* TransparentCoachMarkBodyView.swift in Sources */ = {isa = PBXBuildFile; fileRef = C636FFB01BBC329600EB243B /* TransparentCoachMarkBodyView.swift */; };
		C63935DB1D2837EF002DCABF /* BackgroundNetworkingViewController.swift in Sources */ = {isa = PBXBuildFile; fileRef = C63935DA1D2837EF002DCABF /* BackgroundNetworkingViewController.swift */; };
		C63BB9161C73CDD600C81A4D /* TransitionFromCodeViewController.swift in Sources */ = {isa = PBXBuildFile; fileRef = C63BB9151C73CDD600C81A4D /* TransitionFromCodeViewController.swift */; };
		C64FB3351BB6CC180081E5B6 /* AppDelegate.swift in Sources */ = {isa = PBXBuildFile; fileRef = C64FB32D1BB6CC180081E5B6 /* AppDelegate.swift */; };
		C64FB3371BB6CC180081E5B6 /* LaunchScreen.storyboard in Resources */ = {isa = PBXBuildFile; fileRef = C64FB32F1BB6CC180081E5B6 /* LaunchScreen.storyboard */; };
		C64FB3381BB6CC180081E5B6 /* Main.storyboard in Resources */ = {isa = PBXBuildFile; fileRef = C64FB3311BB6CC180081E5B6 /* Main.storyboard */; };
		C64FB33A1BB6CC180081E5B6 /* ProfileViewController.swift in Sources */ = {isa = PBXBuildFile; fileRef = C64FB3341BB6CC180081E5B6 /* ProfileViewController.swift */; };
		C64FB3841BB98CE90081E5B6 /* CustomCoachMarkBodyView.swift in Sources */ = {isa = PBXBuildFile; fileRef = C64FB3831BB98CE90081E5B6 /* CustomCoachMarkBodyView.swift */; };
		C64FB3861BB98EC20081E5B6 /* CustomCoachMarkArrowView.swift in Sources */ = {isa = PBXBuildFile; fileRef = C64FB3851BB98EC20081E5B6 /* CustomCoachMarkArrowView.swift */; };
		C6CE542C1BBD435500154266 /* BlurringOverlayViewController.swift in Sources */ = {isa = PBXBuildFile; fileRef = C6CE54291BBD435500154266 /* BlurringOverlayViewController.swift */; };
		C6CE542D1BBD435500154266 /* CustomViewController.swift in Sources */ = {isa = PBXBuildFile; fileRef = C6CE542A1BBD435500154266 /* CustomViewController.swift */; };
		C6CE542E1BBD435500154266 /* DefaultViewController.swift in Sources */ = {isa = PBXBuildFile; fileRef = C6CE542B1BBD435500154266 /* DefaultViewController.swift */; };
		C6CE54311BBD43CB00154266 /* DelegateViewController.swift in Sources */ = {isa = PBXBuildFile; fileRef = C6CE542F1BBD43CB00154266 /* DelegateViewController.swift */; };
		C6CE54321BBD43CB00154266 /* MixedCoachMarksViewController.swift in Sources */ = {isa = PBXBuildFile; fileRef = C6CE54301BBD43CB00154266 /* MixedCoachMarksViewController.swift */; };
/* End PBXBuildFile section */

/* Begin PBXContainerItemProxy section */
		C60FA09B1D2993DD0055B60B /* PBXContainerItemProxy */ = {
			isa = PBXContainerItemProxy;
			containerPortal = C64FB3691BB75F4D0081E5B6 /* Instructions.xcodeproj */;
			proxyType = 1;
			remoteGlobalIDString = C64FB2E81BB6CA8A0081E5B6;
			remoteInfo = Instructions;
		};
		C60FA0A01D2993E40055B60B /* PBXContainerItemProxy */ = {
			isa = PBXContainerItemProxy;
			containerPortal = C64FB3691BB75F4D0081E5B6 /* Instructions.xcodeproj */;
			proxyType = 1;
			remoteGlobalIDString = C64FB2E81BB6CA8A0081E5B6;
			remoteInfo = Instructions;
		};
		C6417E5B1D296341004D13EA /* PBXContainerItemProxy */ = {
			isa = PBXContainerItemProxy;
			containerPortal = C64FB3691BB75F4D0081E5B6 /* Instructions.xcodeproj */;
			proxyType = 2;
			remoteGlobalIDString = C6417E331D291A8A004D13EA;
			remoteInfo = InstructionsAppExtensions;
		};
		C64FB36E1BB75F4D0081E5B6 /* PBXContainerItemProxy */ = {
			isa = PBXContainerItemProxy;
			containerPortal = C64FB3691BB75F4D0081E5B6 /* Instructions.xcodeproj */;
			proxyType = 2;
			remoteGlobalIDString = C64FB2E91BB6CA8A0081E5B6;
			remoteInfo = Instructions;
		};
		C64FB3701BB75F4D0081E5B6 /* PBXContainerItemProxy */ = {
			isa = PBXContainerItemProxy;
			containerPortal = C64FB3691BB75F4D0081E5B6 /* Instructions.xcodeproj */;
			proxyType = 2;
			remoteGlobalIDString = C64FB2F31BB6CA8A0081E5B6;
			remoteInfo = InstructionsTests;
		};
/* End PBXContainerItemProxy section */

/* Begin PBXCopyFilesBuildPhase section */
		C60FA0A21D2993E40055B60B /* Embed Frameworks */ = {
			isa = PBXCopyFilesBuildPhase;
			buildActionMask = 2147483647;
			dstPath = "";
			dstSubfolderSpec = 10;
			files = (
			);
			name = "Embed Frameworks";
			runOnlyForDeploymentPostprocessing = 0;
		};
/* End PBXCopyFilesBuildPhase section */

/* Begin PBXFileReference section */
		5B84A3AD1BF48BE200C795F8 /* OnlyHintsViewController.swift */ = {isa = PBXFileReference; fileEncoding = 4; lastKnownFileType = sourcecode.swift; path = OnlyHintsViewController.swift; sourceTree = "<group>"; };
		C615FBAE1D7A1BB500EAEEFB /* TestFlowViewController.swift */ = {isa = PBXFileReference; fileEncoding = 4; lastKnownFileType = sourcecode.swift; path = TestFlowViewController.swift; sourceTree = "<group>"; };
		C636FFA91BBBD99200EB243B /* Assets.xcassets */ = {isa = PBXFileReference; lastKnownFileType = folder.assetcatalog; name = Assets.xcassets; path = Example/Assets.xcassets; sourceTree = "<group>"; };
		C636FFAF1BBC329600EB243B /* TransparentCoachMarkArrowView.swift */ = {isa = PBXFileReference; fileEncoding = 4; lastKnownFileType = sourcecode.swift; path = TransparentCoachMarkArrowView.swift; sourceTree = "<group>"; };
		C636FFB01BBC329600EB243B /* TransparentCoachMarkBodyView.swift */ = {isa = PBXFileReference; fileEncoding = 4; lastKnownFileType = sourcecode.swift; path = TransparentCoachMarkBodyView.swift; sourceTree = "<group>"; };
		C63935DA1D2837EF002DCABF /* BackgroundNetworkingViewController.swift */ = {isa = PBXFileReference; fileEncoding = 4; lastKnownFileType = sourcecode.swift; path = BackgroundNetworkingViewController.swift; sourceTree = "<group>"; };
		C63BB9151C73CDD600C81A4D /* TransitionFromCodeViewController.swift */ = {isa = PBXFileReference; fileEncoding = 4; lastKnownFileType = sourcecode.swift; path = TransitionFromCodeViewController.swift; sourceTree = "<group>"; };
		C64FB30C1BB6CB1C0081E5B6 /* Instructions Example.app */ = {isa = PBXFileReference; explicitFileType = wrapper.application; includeInIndex = 0; path = "Instructions Example.app"; sourceTree = BUILT_PRODUCTS_DIR; };
		C64FB32D1BB6CC180081E5B6 /* AppDelegate.swift */ = {isa = PBXFileReference; fileEncoding = 4; lastKnownFileType = sourcecode.swift; path = AppDelegate.swift; sourceTree = "<group>"; };
		C64FB3301BB6CC180081E5B6 /* Base */ = {isa = PBXFileReference; lastKnownFileType = file.storyboard; name = Base; path = Base.lproj/LaunchScreen.storyboard; sourceTree = "<group>"; };
		C64FB3321BB6CC180081E5B6 /* Base */ = {isa = PBXFileReference; lastKnownFileType = file.storyboard; name = Base; path = Base.lproj/Main.storyboard; sourceTree = "<group>"; };
		C64FB3331BB6CC180081E5B6 /* Info.plist */ = {isa = PBXFileReference; fileEncoding = 4; lastKnownFileType = text.plist.xml; name = Info.plist; path = Example/Info.plist; sourceTree = "<group>"; };
		C64FB3341BB6CC180081E5B6 /* ProfileViewController.swift */ = {isa = PBXFileReference; fileEncoding = 4; lastKnownFileType = sourcecode.swift; path = ProfileViewController.swift; sourceTree = "<group>"; };
		C64FB3691BB75F4D0081E5B6 /* Instructions.xcodeproj */ = {isa = PBXFileReference; lastKnownFileType = "wrapper.pb-project"; path = Instructions.xcodeproj; sourceTree = "<group>"; };
		C64FB3831BB98CE90081E5B6 /* CustomCoachMarkBodyView.swift */ = {isa = PBXFileReference; fileEncoding = 4; lastKnownFileType = sourcecode.swift; path = CustomCoachMarkBodyView.swift; sourceTree = "<group>"; };
		C64FB3851BB98EC20081E5B6 /* CustomCoachMarkArrowView.swift */ = {isa = PBXFileReference; fileEncoding = 4; lastKnownFileType = sourcecode.swift; path = CustomCoachMarkArrowView.swift; sourceTree = "<group>"; };
		C6CE54291BBD435500154266 /* BlurringOverlayViewController.swift */ = {isa = PBXFileReference; fileEncoding = 4; lastKnownFileType = sourcecode.swift; path = BlurringOverlayViewController.swift; sourceTree = "<group>"; };
		C6CE542A1BBD435500154266 /* CustomViewController.swift */ = {isa = PBXFileReference; fileEncoding = 4; lastKnownFileType = sourcecode.swift; path = CustomViewController.swift; sourceTree = "<group>"; };
		C6CE542B1BBD435500154266 /* DefaultViewController.swift */ = {isa = PBXFileReference; fileEncoding = 4; lastKnownFileType = sourcecode.swift; path = DefaultViewController.swift; sourceTree = "<group>"; };
		C6CE542F1BBD43CB00154266 /* DelegateViewController.swift */ = {isa = PBXFileReference; fileEncoding = 4; lastKnownFileType = sourcecode.swift; path = DelegateViewController.swift; sourceTree = "<group>"; };
		C6CE54301BBD43CB00154266 /* MixedCoachMarksViewController.swift */ = {isa = PBXFileReference; fileEncoding = 4; lastKnownFileType = sourcecode.swift; path = MixedCoachMarksViewController.swift; sourceTree = "<group>"; };
/* End PBXFileReference section */

/* Begin PBXFrameworksBuildPhase section */
		C64FB3091BB6CB1C0081E5B6 /* Frameworks */ = {
			isa = PBXFrameworksBuildPhase;
			buildActionMask = 2147483647;
			files = (
			);
			runOnlyForDeploymentPostprocessing = 0;
		};
/* End PBXFrameworksBuildPhase section */

/* Begin PBXGroup section */
		C636FFAD1BBBF68300EB243B /* Supporting Files */ = {
			isa = PBXGroup;
			children = (
				C636FFA91BBBD99200EB243B /* Assets.xcassets */,
				C64FB3331BB6CC180081E5B6 /* Info.plist */,
			);
			name = "Supporting Files";
			sourceTree = "<group>";
		};
		C636FFAE1BBBF69B00EB243B /* Storyboards */ = {
			isa = PBXGroup;
			children = (
				C64FB32F1BB6CC180081E5B6 /* LaunchScreen.storyboard */,
				C64FB3311BB6CC180081E5B6 /* Main.storyboard */,
			);
			name = Storyboards;
			sourceTree = "<group>";
		};
		C64FB3031BB6CB1C0081E5B6 = {
			isa = PBXGroup;
			children = (
				C64FB32C1BB6CC180081E5B6 /* Source */,
				C636FFAD1BBBF68300EB243B /* Supporting Files */,
				C64FB30D1BB6CB1C0081E5B6 /* Products */,
				C64FB3691BB75F4D0081E5B6 /* Instructions.xcodeproj */,
			);
			sourceTree = "<group>";
		};
		C64FB30D1BB6CB1C0081E5B6 /* Products */ = {
			isa = PBXGroup;
			children = (
				C64FB30C1BB6CB1C0081E5B6 /* Instructions Example.app */,
			);
			name = Products;
			sourceTree = "<group>";
		};
		C64FB32C1BB6CC180081E5B6 /* Source */ = {
			isa = PBXGroup;
			children = (
				C64FB32D1BB6CC180081E5B6 /* AppDelegate.swift */,
				C636FFAE1BBBF69B00EB243B /* Storyboards */,
				C6CE54261BBD42D300154266 /* View Controllers */,
				C6CE54281BBD42E500154266 /* Custom Views */,
			);
			name = Source;
			path = Example;
			sourceTree = "<group>";
		};
		C64FB36A1BB75F4D0081E5B6 /* Products */ = {
			isa = PBXGroup;
			children = (
				C64FB36F1BB75F4D0081E5B6 /* Instructions.framework */,
				C6417E5C1D296341004D13EA /* InstructionsAppExtensions.framework */,
				C64FB3711BB75F4D0081E5B6 /* InstructionsTests.xctest */,
			);
			name = Products;
			sourceTree = "<group>";
		};
		C6CE54261BBD42D300154266 /* View Controllers */ = {
			isa = PBXGroup;
			children = (
				C64FB3341BB6CC180081E5B6 /* ProfileViewController.swift */,
				C6CE542B1BBD435500154266 /* DefaultViewController.swift */,
				C63935DA1D2837EF002DCABF /* BackgroundNetworkingViewController.swift */,
				5B84A3AD1BF48BE200C795F8 /* OnlyHintsViewController.swift */,
				C6CE542A1BBD435500154266 /* CustomViewController.swift */,
				C6CE54291BBD435500154266 /* BlurringOverlayViewController.swift */,
				C6CE542F1BBD43CB00154266 /* DelegateViewController.swift */,
				C6CE54301BBD43CB00154266 /* MixedCoachMarksViewController.swift */,
				C63BB9151C73CDD600C81A4D /* TransitionFromCodeViewController.swift */,
				C615FBAE1D7A1BB500EAEEFB /* TestFlowViewController.swift */,
			);
			name = "View Controllers";
			sourceTree = "<group>";
		};
		C6CE54281BBD42E500154266 /* Custom Views */ = {
			isa = PBXGroup;
			children = (
				C64FB3851BB98EC20081E5B6 /* CustomCoachMarkArrowView.swift */,
				C64FB3831BB98CE90081E5B6 /* CustomCoachMarkBodyView.swift */,
				C636FFAF1BBC329600EB243B /* TransparentCoachMarkArrowView.swift */,
				C636FFB01BBC329600EB243B /* TransparentCoachMarkBodyView.swift */,
			);
			name = "Custom Views";
			sourceTree = "<group>";
		};
/* End PBXGroup section */

/* Begin PBXNativeTarget section */
		C64FB30B1BB6CB1C0081E5B6 /* Instructions Example */ = {
			isa = PBXNativeTarget;
			buildConfigurationList = C64FB31E1BB6CB1C0081E5B6 /* Build configuration list for PBXNativeTarget "Instructions Example" */;
			buildPhases = (
				C64FB3081BB6CB1C0081E5B6 /* Sources */,
				C64FB3091BB6CB1C0081E5B6 /* Frameworks */,
				C64FB30A1BB6CB1C0081E5B6 /* Resources */,
				C60FA0A21D2993E40055B60B /* Embed Frameworks */,
			);
			buildRules = (
			);
			dependencies = (
				C60FA09C1D2993DD0055B60B /* PBXTargetDependency */,
				C60FA0A11D2993E40055B60B /* PBXTargetDependency */,
			);
			name = "Instructions Example";
			productName = "Instructions Example";
			productReference = C64FB30C1BB6CB1C0081E5B6 /* Instructions Example.app */;
			productType = "com.apple.product-type.application";
		};
/* End PBXNativeTarget section */

/* Begin PBXProject section */
		C64FB3041BB6CB1C0081E5B6 /* Project object */ = {
			isa = PBXProject;
			attributes = {
				LastUpgradeCheck = 0800;
				ORGANIZATIONNAME = Ephread;
				TargetAttributes = {
					C64FB30B1BB6CB1C0081E5B6 = {
						CreatedOnToolsVersion = 7.0;
						DevelopmentTeam = EV2G94D75V;
						LastSwiftMigration = 0800;
					};
				};
			};
			buildConfigurationList = C64FB3071BB6CB1C0081E5B6 /* Build configuration list for PBXProject "Instructions Example" */;
			compatibilityVersion = "Xcode 3.2";
			developmentRegion = English;
			hasScannedForEncodings = 0;
			knownRegions = (
				en,
				Base,
			);
			mainGroup = C64FB3031BB6CB1C0081E5B6;
			productRefGroup = C64FB30D1BB6CB1C0081E5B6 /* Products */;
			projectDirPath = "";
			projectReferences = (
				{
					ProductGroup = C64FB36A1BB75F4D0081E5B6 /* Products */;
					ProjectRef = C64FB3691BB75F4D0081E5B6 /* Instructions.xcodeproj */;
				},
			);
			projectRoot = "";
			targets = (
				C64FB30B1BB6CB1C0081E5B6 /* Instructions Example */,
			);
		};
/* End PBXProject section */

/* Begin PBXReferenceProxy section */
		C6417E5C1D296341004D13EA /* InstructionsAppExtensions.framework */ = {
			isa = PBXReferenceProxy;
			fileType = wrapper.framework;
			path = InstructionsAppExtensions.framework;
			remoteRef = C6417E5B1D296341004D13EA /* PBXContainerItemProxy */;
			sourceTree = BUILT_PRODUCTS_DIR;
		};
		C64FB36F1BB75F4D0081E5B6 /* Instructions.framework */ = {
			isa = PBXReferenceProxy;
			fileType = wrapper.framework;
			path = Instructions.framework;
			remoteRef = C64FB36E1BB75F4D0081E5B6 /* PBXContainerItemProxy */;
			sourceTree = BUILT_PRODUCTS_DIR;
		};
		C64FB3711BB75F4D0081E5B6 /* InstructionsTests.xctest */ = {
			isa = PBXReferenceProxy;
			fileType = wrapper.cfbundle;
			path = InstructionsTests.xctest;
			remoteRef = C64FB3701BB75F4D0081E5B6 /* PBXContainerItemProxy */;
			sourceTree = BUILT_PRODUCTS_DIR;
		};
/* End PBXReferenceProxy section */

/* Begin PBXResourcesBuildPhase section */
		C64FB30A1BB6CB1C0081E5B6 /* Resources */ = {
			isa = PBXResourcesBuildPhase;
			buildActionMask = 2147483647;
			files = (
				C64FB3381BB6CC180081E5B6 /* Main.storyboard in Resources */,
				C636FFAA1BBBD99200EB243B /* Assets.xcassets in Resources */,
				C64FB3371BB6CC180081E5B6 /* LaunchScreen.storyboard in Resources */,
			);
			runOnlyForDeploymentPostprocessing = 0;
		};
/* End PBXResourcesBuildPhase section */

/* Begin PBXSourcesBuildPhase section */
		C64FB3081BB6CB1C0081E5B6 /* Sources */ = {
			isa = PBXSourcesBuildPhase;
			buildActionMask = 2147483647;
			files = (
				C64FB3861BB98EC20081E5B6 /* CustomCoachMarkArrowView.swift in Sources */,
				C64FB3841BB98CE90081E5B6 /* CustomCoachMarkBodyView.swift in Sources */,
				C63935DB1D2837EF002DCABF /* BackgroundNetworkingViewController.swift in Sources */,
				C636FFB11BBC329600EB243B /* TransparentCoachMarkArrowView.swift in Sources */,
				5B84A3AE1BF48BE200C795F8 /* OnlyHintsViewController.swift in Sources */,
				C6CE542C1BBD435500154266 /* BlurringOverlayViewController.swift in Sources */,
				C63BB9161C73CDD600C81A4D /* TransitionFromCodeViewController.swift in Sources */,
				C64FB33A1BB6CC180081E5B6 /* ProfileViewController.swift in Sources */,
				C6CE54311BBD43CB00154266 /* DelegateViewController.swift in Sources */,
				C64FB3351BB6CC180081E5B6 /* AppDelegate.swift in Sources */,
				C6CE542E1BBD435500154266 /* DefaultViewController.swift in Sources */,
				C636FFB21BBC329600EB243B /* TransparentCoachMarkBodyView.swift in Sources */,
				C6CE54321BBD43CB00154266 /* MixedCoachMarksViewController.swift in Sources */,
				C6CE542D1BBD435500154266 /* CustomViewController.swift in Sources */,
				C615FBAF1D7A1BB500EAEEFB /* TestFlowViewController.swift in Sources */,
			);
			runOnlyForDeploymentPostprocessing = 0;
		};
/* End PBXSourcesBuildPhase section */

/* Begin PBXTargetDependency section */
		C60FA09C1D2993DD0055B60B /* PBXTargetDependency */ = {
			isa = PBXTargetDependency;
			name = Instructions;
			targetProxy = C60FA09B1D2993DD0055B60B /* PBXContainerItemProxy */;
		};
		C60FA0A11D2993E40055B60B /* PBXTargetDependency */ = {
			isa = PBXTargetDependency;
			name = Instructions;
			targetProxy = C60FA0A01D2993E40055B60B /* PBXContainerItemProxy */;
		};
/* End PBXTargetDependency section */

/* Begin PBXVariantGroup section */
		C64FB32F1BB6CC180081E5B6 /* LaunchScreen.storyboard */ = {
			isa = PBXVariantGroup;
			children = (
				C64FB3301BB6CC180081E5B6 /* Base */,
			);
			name = LaunchScreen.storyboard;
			sourceTree = "<group>";
		};
		C64FB3311BB6CC180081E5B6 /* Main.storyboard */ = {
			isa = PBXVariantGroup;
			children = (
				C64FB3321BB6CC180081E5B6 /* Base */,
			);
			name = Main.storyboard;
			sourceTree = "<group>";
		};
/* End PBXVariantGroup section */

/* Begin XCBuildConfiguration section */
		C64FB31C1BB6CB1C0081E5B6 /* Debug */ = {
			isa = XCBuildConfiguration;
			buildSettings = {
				ALWAYS_SEARCH_USER_PATHS = NO;
				CLANG_CXX_LANGUAGE_STANDARD = "gnu++0x";
				CLANG_CXX_LIBRARY = "libc++";
				CLANG_ENABLE_MODULES = YES;
				CLANG_ENABLE_OBJC_ARC = YES;
				CLANG_WARN_BOOL_CONVERSION = YES;
				CLANG_WARN_CONSTANT_CONVERSION = YES;
				CLANG_WARN_DIRECT_OBJC_ISA_USAGE = YES_ERROR;
				CLANG_WARN_EMPTY_BODY = YES;
				CLANG_WARN_ENUM_CONVERSION = YES;
				CLANG_WARN_INFINITE_RECURSION = YES;
				CLANG_WARN_INT_CONVERSION = YES;
				CLANG_WARN_OBJC_ROOT_CLASS = YES_ERROR;
				CLANG_WARN_SUSPICIOUS_MOVE = YES;
				CLANG_WARN_UNREACHABLE_CODE = YES;
				CLANG_WARN__DUPLICATE_METHOD_MATCH = YES;
				"CODE_SIGN_IDENTITY[sdk=iphoneos*]" = "iPhone Developer";
				COPY_PHASE_STRIP = NO;
				DEBUG_INFORMATION_FORMAT = dwarf;
				ENABLE_STRICT_OBJC_MSGSEND = YES;
				ENABLE_TESTABILITY = YES;
				GCC_C_LANGUAGE_STANDARD = gnu99;
				GCC_DYNAMIC_NO_PIC = NO;
				GCC_NO_COMMON_BLOCKS = YES;
				GCC_OPTIMIZATION_LEVEL = 0;
				GCC_PREPROCESSOR_DEFINITIONS = (
					"DEBUG=1",
					"$(inherited)",
				);
				GCC_WARN_64_TO_32_BIT_CONVERSION = YES;
				GCC_WARN_ABOUT_RETURN_TYPE = YES_ERROR;
				GCC_WARN_UNDECLARED_SELECTOR = YES;
				GCC_WARN_UNINITIALIZED_AUTOS = YES_AGGRESSIVE;
				GCC_WARN_UNUSED_FUNCTION = YES;
				GCC_WARN_UNUSED_VARIABLE = YES;
				IPHONEOS_DEPLOYMENT_TARGET = 8.4;
				MTL_ENABLE_DEBUG_INFO = YES;
				ONLY_ACTIVE_ARCH = YES;
				SDKROOT = iphoneos;
				SWIFT_OPTIMIZATION_LEVEL = "-Onone";
				TARGETED_DEVICE_FAMILY = "1,2";
			};
			name = Debug;
		};
		C64FB31D1BB6CB1C0081E5B6 /* Release */ = {
			isa = XCBuildConfiguration;
			buildSettings = {
				ALWAYS_SEARCH_USER_PATHS = NO;
				CLANG_CXX_LANGUAGE_STANDARD = "gnu++0x";
				CLANG_CXX_LIBRARY = "libc++";
				CLANG_ENABLE_MODULES = YES;
				CLANG_ENABLE_OBJC_ARC = YES;
				CLANG_WARN_BOOL_CONVERSION = YES;
				CLANG_WARN_CONSTANT_CONVERSION = YES;
				CLANG_WARN_DIRECT_OBJC_ISA_USAGE = YES_ERROR;
				CLANG_WARN_EMPTY_BODY = YES;
				CLANG_WARN_ENUM_CONVERSION = YES;
				CLANG_WARN_INFINITE_RECURSION = YES;
				CLANG_WARN_INT_CONVERSION = YES;
				CLANG_WARN_OBJC_ROOT_CLASS = YES_ERROR;
				CLANG_WARN_SUSPICIOUS_MOVE = YES;
				CLANG_WARN_UNREACHABLE_CODE = YES;
				CLANG_WARN__DUPLICATE_METHOD_MATCH = YES;
				"CODE_SIGN_IDENTITY[sdk=iphoneos*]" = "iPhone Developer";
				COPY_PHASE_STRIP = NO;
				DEBUG_INFORMATION_FORMAT = "dwarf-with-dsym";
				ENABLE_NS_ASSERTIONS = NO;
				ENABLE_STRICT_OBJC_MSGSEND = YES;
				GCC_C_LANGUAGE_STANDARD = gnu99;
				GCC_NO_COMMON_BLOCKS = YES;
				GCC_WARN_64_TO_32_BIT_CONVERSION = YES;
				GCC_WARN_ABOUT_RETURN_TYPE = YES_ERROR;
				GCC_WARN_UNDECLARED_SELECTOR = YES;
				GCC_WARN_UNINITIALIZED_AUTOS = YES_AGGRESSIVE;
				GCC_WARN_UNUSED_FUNCTION = YES;
				GCC_WARN_UNUSED_VARIABLE = YES;
				IPHONEOS_DEPLOYMENT_TARGET = 8.4;
				MTL_ENABLE_DEBUG_INFO = NO;
				SDKROOT = iphoneos;
				SWIFT_OPTIMIZATION_LEVEL = "-Owholemodule";
				TARGETED_DEVICE_FAMILY = "1,2";
				VALIDATE_PRODUCT = YES;
			};
			name = Release;
		};
		C64FB31F1BB6CB1C0081E5B6 /* Debug */ = {
			isa = XCBuildConfiguration;
			buildSettings = {
				ALWAYS_EMBED_SWIFT_STANDARD_LIBRARIES = YES;
				ASSETCATALOG_COMPILER_APPICON_NAME = AppIcon;
				CODE_SIGN_IDENTITY = "iPhone Developer";
				FRAMEWORK_SEARCH_PATHS = "$(inherited)";
				INFOPLIST_FILE = Example/Info.plist;
				LD_RUNPATH_SEARCH_PATHS = "$(inherited) @executable_path/Frameworks";
				OTHER_SWIFT_FLAGS = "-DINSTRUCTIONS";
				PRODUCT_BUNDLE_IDENTIFIER = "com.ephread.Instructions-Example";
				PRODUCT_NAME = "$(TARGET_NAME)";
				SWIFT_VERSION = 3.0;
			};
			name = Debug;
		};
		C64FB3201BB6CB1C0081E5B6 /* Release */ = {
			isa = XCBuildConfiguration;
			buildSettings = {
				ALWAYS_EMBED_SWIFT_STANDARD_LIBRARIES = YES;
				ASSETCATALOG_COMPILER_APPICON_NAME = AppIcon;
				CODE_SIGN_IDENTITY = "iPhone Developer";
				FRAMEWORK_SEARCH_PATHS = "$(inherited)";
				INFOPLIST_FILE = Example/Info.plist;
				LD_RUNPATH_SEARCH_PATHS = "$(inherited) @executable_path/Frameworks";
				OTHER_SWIFT_FLAGS = "-DINSTRUCTIONS";
				PRODUCT_BUNDLE_IDENTIFIER = "com.ephread.Instructions-Example";
				PRODUCT_NAME = "$(TARGET_NAME)";
				SWIFT_VERSION = 3.0;
			};
			name = Release;
		};
/* End XCBuildConfiguration section */

/* Begin XCConfigurationList section */
		C64FB3071BB6CB1C0081E5B6 /* Build configuration list for PBXProject "Instructions Example" */ = {
			isa = XCConfigurationList;
			buildConfigurations = (
				C64FB31C1BB6CB1C0081E5B6 /* Debug */,
				C64FB31D1BB6CB1C0081E5B6 /* Release */,
			);
			defaultConfigurationIsVisible = 0;
			defaultConfigurationName = Release;
		};
		C64FB31E1BB6CB1C0081E5B6 /* Build configuration list for PBXNativeTarget "Instructions Example" */ = {
			isa = XCConfigurationList;
			buildConfigurations = (
				C64FB31F1BB6CB1C0081E5B6 /* Debug */,
				C64FB3201BB6CB1C0081E5B6 /* Release */,
			);
			defaultConfigurationIsVisible = 0;
			defaultConfigurationName = Release;
		};
/* End XCConfigurationList section */
	};
	rootObject = C64FB3041BB6CB1C0081E5B6 /* Project object */;
}
