PODS:
  - iOSSnapshotTestCase (6.1.0):
    - iOSSnapshotTestCase/SwiftSupport (= 6.1.0)
  - iOSSnapshotTestCase/Core (6.1.0)
  - iOSSnapshotTestCase/SwiftSupport (6.1.0):
    - iOSSnapshotTestCase/Core

DEPENDENCIES:
  - iOSSnapshotTestCase (from `..`)

EXTERNAL SOURCES:
  iOSSnapshotTestCase:
    :path: ".."

SPEC CHECKSUMS:
  iOSSnapshotTestCase: babc46da9bd3f37259929649a1afb79caf07f27f

PODFILE CHECKSUM: 35ff607c3424eed6ccbd8fdacc2d5c1ea41a5a0c

COCOAPODS: 1.8.3
