// !$*UTF8*$!
{
	archiveVersion = 1;
	classes = {
	};
	objectVersion = 46;
	objects = {

/* Begin PBXBuildFile section */
		5B84A3AE1BF48BE200C795F8 /* OnlyHintsViewController.swift in Sources */ = {isa = PBXBuildFile; fileRef = 5B84A3AD1BF48BE200C795F8 /* OnlyHintsViewController.swift */; };
		B618494220C2472200315E1C /* PausingCodeViewController.swift in Sources */ = {isa = PBXBuildFile; fileRef = B618494120C2472100315E1C /* PausingCodeViewController.swift */; };
		B639B28D20D4E7AA009996CF /* DefaultExampleSnapshotTests.swift in Sources */ = {isa = PBXBuildFile; fileRef = B6C9D6A020D4103700EBC03A /* DefaultExampleSnapshotTests.swift */; };
		B639B28E20D4E7CA009996CF /* FBSnapshotTestCase.framework in Frameworks */ = {isa = PBXBuildFile; fileRef = B6C9D69A20D40DFD00EBC03A /* FBSnapshotTestCase.framework */; };
		B639B29120D4E829009996CF /* BaseSnapshotTestCase.swift in Sources */ = {isa = PBXBuildFile; fileRef = B639B28F20D4E807009996CF /* BaseSnapshotTestCase.swift */; };
		B6454D6220C78C2A00DCF351 /* LargeCutoutViewController.swift in Sources */ = {isa = PBXBuildFile; fileRef = B6454D5F20C78C2900DCF351 /* LargeCutoutViewController.swift */; };
		B65DDDC21EE2C5F1002618AF /* Extensions.swift in Sources */ = {isa = PBXBuildFile; fileRef = B65DDDC11EE2C5F1002618AF /* Extensions.swift */; };
		B65DDDD41EE2EED0002618AF /* KeyboardViewController.swift in Sources */ = {isa = PBXBuildFile; fileRef = B65DDDD31EE2EED0002618AF /* KeyboardViewController.swift */; };
		B65DDDD61EE34330002618AF /* MainTableViewController.swift in Sources */ = {isa = PBXBuildFile; fileRef = B65DDDD51EE34330002618AF /* MainTableViewController.swift */; };
		B661D5B61F3AFA48000D29D3 /* ConfigurationViewController.swift in Sources */ = {isa = PBXBuildFile; fileRef = B661D5B31F3AFA48000D29D3 /* ConfigurationViewController.swift */; };
		B661D5B81F3B00FB000D29D3 /* InstructionsNavigationController.swift in Sources */ = {isa = PBXBuildFile; fileRef = B661D5B71F3B00FB000D29D3 /* InstructionsNavigationController.swift */; };
		B6C9D67920D3B90D00EBC03A /* CoachMarkTests.swift in Sources */ = {isa = PBXBuildFile; fileRef = B6C9D65F20D3B90D00EBC03A /* CoachMarkTests.swift */; };
		B6C9D67A20D3B90D00EBC03A /* CoachMarksControllerTests.swift in Sources */ = {isa = PBXBuildFile; fileRef = B6C9D66020D3B90D00EBC03A /* CoachMarksControllerTests.swift */; };
		B6C9D67B20D3B90D00EBC03A /* DataSourceCoachMarkAtTest.swift in Sources */ = {isa = PBXBuildFile; fileRef = B6C9D66420D3B90D00EBC03A /* DataSourceCoachMarkAtTest.swift */; };
		B6C9D67C20D3B90D00EBC03A /* DataSourceNumberOfCoachMarksTest.swift in Sources */ = {isa = PBXBuildFile; fileRef = B6C9D66520D3B90D00EBC03A /* DataSourceNumberOfCoachMarksTest.swift */; };
		B6C9D67D20D3B90D00EBC03A /* DataSourceBaseTest.swift in Sources */ = {isa = PBXBuildFile; fileRef = B6C9D66620D3B90D00EBC03A /* DataSourceBaseTest.swift */; };
		B6C9D67E20D3B90D00EBC03A /* OverlayViewTests.swift in Sources */ = {isa = PBXBuildFile; fileRef = B6C9D66920D3B90D00EBC03A /* OverlayViewTests.swift */; };
		B6C9D67F20D3B90D00EBC03A /* MaskViewTests.swift in Sources */ = {isa = PBXBuildFile; fileRef = B6C9D66A20D3B90D00EBC03A /* MaskViewTests.swift */; };
		B6C9D68020D3B90D00EBC03A /* OverlaySnapshotViewTests.swift in Sources */ = {isa = PBXBuildFile; fileRef = B6C9D66B20D3B90D00EBC03A /* OverlaySnapshotViewTests.swift */; };
		B6C9D68120D3B90D00EBC03A /* PassthroughGenericTests.swift in Sources */ = {isa = PBXBuildFile; fileRef = B6C9D66C20D3B90D00EBC03A /* PassthroughGenericTests.swift */; };
		B6C9D68220D3B90D00EBC03A /* OverlayManagerTests.swift in Sources */ = {isa = PBXBuildFile; fileRef = B6C9D66F20D3B90D00EBC03A /* OverlayManagerTests.swift */; };
		B6C9D68320D3B90D00EBC03A /* CoachMarkDisplayManagerTests.swift in Sources */ = {isa = PBXBuildFile; fileRef = B6C9D67020D3B90D00EBC03A /* CoachMarkDisplayManagerTests.swift */; };
		B6C9D68420D3B90D00EBC03A /* SkipViewDisplayManagerTests.swift in Sources */ = {isa = PBXBuildFile; fileRef = B6C9D67120D3B90D00EBC03A /* SkipViewDisplayManagerTests.swift */; };
		B6C9D68520D3B90D00EBC03A /* TranslucentOverlayStyleManagerTest.swift in Sources */ = {isa = PBXBuildFile; fileRef = B6C9D67320D3B90D00EBC03A /* TranslucentOverlayStyleManagerTest.swift */; };
		B6C9D68620D3B90D00EBC03A /* BlurringOverlayStyleManagerTest.swift in Sources */ = {isa = PBXBuildFile; fileRef = B6C9D67420D3B90D00EBC03A /* BlurringOverlayStyleManagerTest.swift */; };
		B6C9D68720D3B90D00EBC03A /* CoachMarkHelperTests.swift in Sources */ = {isa = PBXBuildFile; fileRef = B6C9D67620D3B90D00EBC03A /* CoachMarkHelperTests.swift */; };
		B6C9D68820D3B90D00EBC03A /* CoachMarkLayoutHelperTests.swift in Sources */ = {isa = PBXBuildFile; fileRef = B6C9D67720D3B90D00EBC03A /* CoachMarkLayoutHelperTests.swift */; };
		B6C9D68920D3B90D00EBC03A /* CoachMarkInnerLayoutHelperTests.swift in Sources */ = {isa = PBXBuildFile; fileRef = B6C9D67820D3B90D00EBC03A /* CoachMarkInnerLayoutHelperTests.swift */; };
		B6C9D68C20D3C02400EBC03A /* CoachMarksViewControllerTests.swift in Sources */ = {isa = PBXBuildFile; fileRef = B6C9D68B20D3C02400EBC03A /* CoachMarksViewControllerTests.swift */; };
		B6CA4A8720BE7141006F42AC /* DefaultExampleTests.swift in Sources */ = {isa = PBXBuildFile; fileRef = B6CA4A8620BE7141006F42AC /* DefaultExampleTests.swift */; };
		B6CA4A9120BE8033006F42AC /* Instructions.framework in Frameworks */ = {isa = PBXBuildFile; fileRef = B690138920BE6B2E00E706B2 /* Instructions.framework */; };
		B6CA4A9220BE8033006F42AC /* Instructions.framework in Embed Frameworks */ = {isa = PBXBuildFile; fileRef = B690138920BE6B2E00E706B2 /* Instructions.framework */; settings = {ATTRIBUTES = (CodeSignOnCopy, RemoveHeadersOnCopy, ); }; };
		B6CA4A9720BEBB53006F42AC /* CustomExampleTests.swift in Sources */ = {isa = PBXBuildFile; fileRef = B6CA4A9620BEBB53006F42AC /* CustomExampleTests.swift */; };
		B6CA4A9920BEC111006F42AC /* AccessibilityIdentifiers.swift in Sources */ = {isa = PBXBuildFile; fileRef = B6CA4A9820BEC111006F42AC /* AccessibilityIdentifiers.swift */; };
		B6CA4A9B20BED19B006F42AC /* TransitionExampleTests.swift in Sources */ = {isa = PBXBuildFile; fileRef = B6CA4A9A20BED19B006F42AC /* TransitionExampleTests.swift */; };
		B6F2327823484DFF00040090 /* FBSnapshotTestCase.framework in CopyFiles */ = {isa = PBXBuildFile; fileRef = B6C9D69A20D40DFD00EBC03A /* FBSnapshotTestCase.framework */; settings = {ATTRIBUTES = (CodeSignOnCopy, RemoveHeadersOnCopy, ); }; };
		C615FBAF1D7A1BB500EAEEFB /* TestFlowViewController.swift in Sources */ = {isa = PBXBuildFile; fileRef = C615FBAE1D7A1BB500EAEEFB /* TestFlowViewController.swift */; };
		C636FFAA1BBBD99200EB243B /* Assets.xcassets in Resources */ = {isa = PBXBuildFile; fileRef = C636FFA91BBBD99200EB243B /* Assets.xcassets */; };
		C636FFB11BBC329600EB243B /* TransparentCoachMarkArrowView.swift in Sources */ = {isa = PBXBuildFile; fileRef = C636FFAF1BBC329600EB243B /* TransparentCoachMarkArrowView.swift */; };
		C636FFB21BBC329600EB243B /* TransparentCoachMarkBodyView.swift in Sources */ = {isa = PBXBuildFile; fileRef = C636FFB01BBC329600EB243B /* TransparentCoachMarkBodyView.swift */; };
		C63935DB1D2837EF002DCABF /* BackgroundNetworkingViewController.swift in Sources */ = {isa = PBXBuildFile; fileRef = C63935DA1D2837EF002DCABF /* BackgroundNetworkingViewController.swift */; };
		C63BB9161C73CDD600C81A4D /* TransitionFromCodeViewController.swift in Sources */ = {isa = PBXBuildFile; fileRef = C63BB9151C73CDD600C81A4D /* TransitionFromCodeViewController.swift */; };
		C64FB3351BB6CC180081E5B6 /* AppDelegate.swift in Sources */ = {isa = PBXBuildFile; fileRef = C64FB32D1BB6CC180081E5B6 /* AppDelegate.swift */; };
		C64FB3371BB6CC180081E5B6 /* LaunchScreen.storyboard in Resources */ = {isa = PBXBuildFile; fileRef = C64FB32F1BB6CC180081E5B6 /* LaunchScreen.storyboard */; };
		C64FB3381BB6CC180081E5B6 /* Main.storyboard in Resources */ = {isa = PBXBuildFile; fileRef = C64FB3311BB6CC180081E5B6 /* Main.storyboard */; };
		C64FB33A1BB6CC180081E5B6 /* ProfileViewController.swift in Sources */ = {isa = PBXBuildFile; fileRef = C64FB3341BB6CC180081E5B6 /* ProfileViewController.swift */; };
		C64FB3841BB98CE90081E5B6 /* CustomCoachMarkBodyView.swift in Sources */ = {isa = PBXBuildFile; fileRef = C64FB3831BB98CE90081E5B6 /* CustomCoachMarkBodyView.swift */; };
		C64FB3861BB98EC20081E5B6 /* CustomCoachMarkArrowView.swift in Sources */ = {isa = PBXBuildFile; fileRef = C64FB3851BB98EC20081E5B6 /* CustomCoachMarkArrowView.swift */; };
		C6CE542C1BBD435500154266 /* BlurringOverlayViewController.swift in Sources */ = {isa = PBXBuildFile; fileRef = C6CE54291BBD435500154266 /* BlurringOverlayViewController.swift */; };
		C6CE542D1BBD435500154266 /* CustomViewController.swift in Sources */ = {isa = PBXBuildFile; fileRef = C6CE542A1BBD435500154266 /* CustomViewController.swift */; };
		C6CE542E1BBD435500154266 /* DefaultViewController.swift in Sources */ = {isa = PBXBuildFile; fileRef = C6CE542B1BBD435500154266 /* DefaultViewController.swift */; };
		C6CE54311BBD43CB00154266 /* DelegateViewController.swift in Sources */ = {isa = PBXBuildFile; fileRef = C6CE542F1BBD43CB00154266 /* DelegateViewController.swift */; };
		C6CE54321BBD43CB00154266 /* MixedCoachMarksViewController.swift in Sources */ = {isa = PBXBuildFile; fileRef = C6CE54301BBD43CB00154266 /* MixedCoachMarksViewController.swift */; };
/* End PBXBuildFile section */

/* Begin PBXContainerItemProxy section */
		B639B28620D4E71D009996CF /* PBXContainerItemProxy */ = {
			isa = PBXContainerItemProxy;
			containerPortal = C64FB3041BB6CB1C0081E5B6 /* Project object */;
			proxyType = 1;
			remoteGlobalIDString = C64FB30B1BB6CB1C0081E5B6;
			remoteInfo = "Instructions Example";
		};
		B690138820BE6B2E00E706B2 /* PBXContainerItemProxy */ = {
			isa = PBXContainerItemProxy;
			containerPortal = B690138220BE6B2E00E706B2 /* Instructions.xcodeproj */;
			proxyType = 2;
			remoteGlobalIDString = C64FB2E91BB6CA8A0081E5B6;
			remoteInfo = Instructions;
		};
		B690138A20BE6B2E00E706B2 /* PBXContainerItemProxy */ = {
			isa = PBXContainerItemProxy;
			containerPortal = B690138220BE6B2E00E706B2 /* Instructions.xcodeproj */;
			proxyType = 2;
			remoteGlobalIDString = C6417E331D291A8A004D13EA;
			remoteInfo = InstructionsAppExtensions;
		};
		B6C9D65220D3B7FC00EBC03A /* PBXContainerItemProxy */ = {
			isa = PBXContainerItemProxy;
			containerPortal = C64FB3041BB6CB1C0081E5B6 /* Project object */;
			proxyType = 1;
			remoteGlobalIDString = C64FB30B1BB6CB1C0081E5B6;
			remoteInfo = "Instructions Example";
		};
		B6CA4A8920BE7141006F42AC /* PBXContainerItemProxy */ = {
			isa = PBXContainerItemProxy;
			containerPortal = C64FB3041BB6CB1C0081E5B6 /* Project object */;
			proxyType = 1;
			remoteGlobalIDString = C64FB30B1BB6CB1C0081E5B6;
			remoteInfo = "Instructions Example";
		};
		B6CA4A9320BE8033006F42AC /* PBXContainerItemProxy */ = {
			isa = PBXContainerItemProxy;
			containerPortal = B690138220BE6B2E00E706B2 /* Instructions.xcodeproj */;
			proxyType = 1;
			remoteGlobalIDString = C64FB2E81BB6CA8A0081E5B6;
			remoteInfo = Instructions;
		};
/* End PBXContainerItemProxy section */

/* Begin PBXCopyFilesBuildPhase section */
		B6A74FCA1E3658C6001D8991 /* Embed Frameworks */ = {
			isa = PBXCopyFilesBuildPhase;
			buildActionMask = 2147483647;
			dstPath = "";
			dstSubfolderSpec = 10;
			files = (
				B6CA4A9220BE8033006F42AC /* Instructions.framework in Embed Frameworks */,
			);
			name = "Embed Frameworks";
			runOnlyForDeploymentPostprocessing = 0;
		};
		B6F2327723484DED00040090 /* CopyFiles */ = {
			isa = PBXCopyFilesBuildPhase;
			buildActionMask = 2147483647;
			dstPath = "";
			dstSubfolderSpec = 10;
			files = (
				B6F2327823484DFF00040090 /* FBSnapshotTestCase.framework in CopyFiles */,
			);
			runOnlyForDeploymentPostprocessing = 0;
		};
/* End PBXCopyFilesBuildPhase section */

/* Begin PBXFileReference section */
		5B84A3AD1BF48BE200C795F8 /* OnlyHintsViewController.swift */ = {isa = PBXFileReference; fileEncoding = 4; lastKnownFileType = sourcecode.swift; path = OnlyHintsViewController.swift; sourceTree = "<group>"; };
		B618494120C2472100315E1C /* PausingCodeViewController.swift */ = {isa = PBXFileReference; fileEncoding = 4; lastKnownFileType = sourcecode.swift; path = PausingCodeViewController.swift; sourceTree = "<group>"; };
		B639B28120D4E71D009996CF /* InstructionsSnapshotTests.xctest */ = {isa = PBXFileReference; explicitFileType = wrapper.cfbundle; includeInIndex = 0; path = InstructionsSnapshotTests.xctest; sourceTree = BUILT_PRODUCTS_DIR; };
		B639B28520D4E71D009996CF /* Info.plist */ = {isa = PBXFileReference; lastKnownFileType = text.plist.xml; path = Info.plist; sourceTree = "<group>"; };
		B639B28F20D4E807009996CF /* BaseSnapshotTestCase.swift */ = {isa = PBXFileReference; lastKnownFileType = sourcecode.swift; path = BaseSnapshotTestCase.swift; sourceTree = "<group>"; };
		B6454D5F20C78C2900DCF351 /* LargeCutoutViewController.swift */ = {isa = PBXFileReference; fileEncoding = 4; lastKnownFileType = sourcecode.swift; path = LargeCutoutViewController.swift; sourceTree = "<group>"; };
		B65DDDC11EE2C5F1002618AF /* Extensions.swift */ = {isa = PBXFileReference; fileEncoding = 4; lastKnownFileType = sourcecode.swift; path = Extensions.swift; sourceTree = "<group>"; };
		B65DDDD31EE2EED0002618AF /* KeyboardViewController.swift */ = {isa = PBXFileReference; fileEncoding = 4; lastKnownFileType = sourcecode.swift; path = KeyboardViewController.swift; sourceTree = "<group>"; };
		B65DDDD51EE34330002618AF /* MainTableViewController.swift */ = {isa = PBXFileReference; fileEncoding = 4; lastKnownFileType = sourcecode.swift; path = MainTableViewController.swift; sourceTree = "<group>"; };
		B661D5B31F3AFA48000D29D3 /* ConfigurationViewController.swift */ = {isa = PBXFileReference; lastKnownFileType = sourcecode.swift; path = ConfigurationViewController.swift; sourceTree = "<group>"; };
		B661D5B71F3B00FB000D29D3 /* InstructionsNavigationController.swift */ = {isa = PBXFileReference; lastKnownFileType = sourcecode.swift; path = InstructionsNavigationController.swift; sourceTree = "<group>"; };
		B690138220BE6B2E00E706B2 /* Instructions.xcodeproj */ = {isa = PBXFileReference; lastKnownFileType = "wrapper.pb-project"; name = Instructions.xcodeproj; path = ../Instructions.xcodeproj; sourceTree = "<group>"; };
		B6C9D64D20D3B7FC00EBC03A /* InstructionsUnitTests.xctest */ = {isa = PBXFileReference; explicitFileType = wrapper.cfbundle; includeInIndex = 0; path = InstructionsUnitTests.xctest; sourceTree = BUILT_PRODUCTS_DIR; };
		B6C9D65920D3B84D00EBC03A /* Info.plist */ = {isa = PBXFileReference; fileEncoding = 4; lastKnownFileType = text.plist.xml; path = Info.plist; sourceTree = "<group>"; };
		B6C9D65F20D3B90D00EBC03A /* CoachMarkTests.swift */ = {isa = PBXFileReference; fileEncoding = 4; lastKnownFileType = sourcecode.swift; path = CoachMarkTests.swift; sourceTree = "<group>"; };
		B6C9D66020D3B90D00EBC03A /* CoachMarksControllerTests.swift */ = {isa = PBXFileReference; fileEncoding = 4; lastKnownFileType = sourcecode.swift; path = CoachMarksControllerTests.swift; sourceTree = "<group>"; };
		B6C9D66420D3B90D00EBC03A /* DataSourceCoachMarkAtTest.swift */ = {isa = PBXFileReference; fileEncoding = 4; lastKnownFileType = sourcecode.swift; path = DataSourceCoachMarkAtTest.swift; sourceTree = "<group>"; };
		B6C9D66520D3B90D00EBC03A /* DataSourceNumberOfCoachMarksTest.swift */ = {isa = PBXFileReference; fileEncoding = 4; lastKnownFileType = sourcecode.swift; path = DataSourceNumberOfCoachMarksTest.swift; sourceTree = "<group>"; };
		B6C9D66620D3B90D00EBC03A /* DataSourceBaseTest.swift */ = {isa = PBXFileReference; fileEncoding = 4; lastKnownFileType = sourcecode.swift; path = DataSourceBaseTest.swift; sourceTree = "<group>"; };
		B6C9D66920D3B90D00EBC03A /* OverlayViewTests.swift */ = {isa = PBXFileReference; fileEncoding = 4; lastKnownFileType = sourcecode.swift; path = OverlayViewTests.swift; sourceTree = "<group>"; };
		B6C9D66A20D3B90D00EBC03A /* MaskViewTests.swift */ = {isa = PBXFileReference; fileEncoding = 4; lastKnownFileType = sourcecode.swift; path = MaskViewTests.swift; sourceTree = "<group>"; };
		B6C9D66B20D3B90D00EBC03A /* OverlaySnapshotViewTests.swift */ = {isa = PBXFileReference; fileEncoding = 4; lastKnownFileType = sourcecode.swift; path = OverlaySnapshotViewTests.swift; sourceTree = "<group>"; };
		B6C9D66C20D3B90D00EBC03A /* PassthroughGenericTests.swift */ = {isa = PBXFileReference; fileEncoding = 4; lastKnownFileType = sourcecode.swift; path = PassthroughGenericTests.swift; sourceTree = "<group>"; };
		B6C9D66F20D3B90D00EBC03A /* OverlayManagerTests.swift */ = {isa = PBXFileReference; fileEncoding = 4; lastKnownFileType = sourcecode.swift; path = OverlayManagerTests.swift; sourceTree = "<group>"; };
		B6C9D67020D3B90D00EBC03A /* CoachMarkDisplayManagerTests.swift */ = {isa = PBXFileReference; fileEncoding = 4; lastKnownFileType = sourcecode.swift; path = CoachMarkDisplayManagerTests.swift; sourceTree = "<group>"; };
		B6C9D67120D3B90D00EBC03A /* SkipViewDisplayManagerTests.swift */ = {isa = PBXFileReference; fileEncoding = 4; lastKnownFileType = sourcecode.swift; path = SkipViewDisplayManagerTests.swift; sourceTree = "<group>"; };
		B6C9D67320D3B90D00EBC03A /* TranslucentOverlayStyleManagerTest.swift */ = {isa = PBXFileReference; fileEncoding = 4; lastKnownFileType = sourcecode.swift; path = TranslucentOverlayStyleManagerTest.swift; sourceTree = "<group>"; };
		B6C9D67420D3B90D00EBC03A /* BlurringOverlayStyleManagerTest.swift */ = {isa = PBXFileReference; fileEncoding = 4; lastKnownFileType = sourcecode.swift; path = BlurringOverlayStyleManagerTest.swift; sourceTree = "<group>"; };
		B6C9D67620D3B90D00EBC03A /* CoachMarkHelperTests.swift */ = {isa = PBXFileReference; fileEncoding = 4; lastKnownFileType = sourcecode.swift; path = CoachMarkHelperTests.swift; sourceTree = "<group>"; };
		B6C9D67720D3B90D00EBC03A /* CoachMarkLayoutHelperTests.swift */ = {isa = PBXFileReference; fileEncoding = 4; lastKnownFileType = sourcecode.swift; path = CoachMarkLayoutHelperTests.swift; sourceTree = "<group>"; };
		B6C9D67820D3B90D00EBC03A /* CoachMarkInnerLayoutHelperTests.swift */ = {isa = PBXFileReference; fileEncoding = 4; lastKnownFileType = sourcecode.swift; path = CoachMarkInnerLayoutHelperTests.swift; sourceTree = "<group>"; };
		B6C9D68B20D3C02400EBC03A /* CoachMarksViewControllerTests.swift */ = {isa = PBXFileReference; lastKnownFileType = sourcecode.swift; path = CoachMarksViewControllerTests.swift; sourceTree = "<group>"; };
		B6C9D69A20D40DFD00EBC03A /* FBSnapshotTestCase.framework */ = {isa = PBXFileReference; lastKnownFileType = wrapper.framework; name = FBSnapshotTestCase.framework; path = Carthage/Build/iOS/FBSnapshotTestCase.framework; sourceTree = "<group>"; };
		B6C9D6A020D4103700EBC03A /* DefaultExampleSnapshotTests.swift */ = {isa = PBXFileReference; lastKnownFileType = sourcecode.swift; path = DefaultExampleSnapshotTests.swift; sourceTree = "<group>"; };
		B6CA4A8420BE7141006F42AC /* InstructionsExampleUITests.xctest */ = {isa = PBXFileReference; explicitFileType = wrapper.cfbundle; includeInIndex = 0; path = InstructionsExampleUITests.xctest; sourceTree = BUILT_PRODUCTS_DIR; };
		B6CA4A8620BE7141006F42AC /* DefaultExampleTests.swift */ = {isa = PBXFileReference; lastKnownFileType = sourcecode.swift; path = DefaultExampleTests.swift; sourceTree = "<group>"; };
		B6CA4A8820BE7141006F42AC /* Info.plist */ = {isa = PBXFileReference; lastKnownFileType = text.plist.xml; path = Info.plist; sourceTree = "<group>"; };
		B6CA4A9620BEBB53006F42AC /* CustomExampleTests.swift */ = {isa = PBXFileReference; fileEncoding = 4; lastKnownFileType = sourcecode.swift; path = CustomExampleTests.swift; sourceTree = "<group>"; };
		B6CA4A9820BEC111006F42AC /* AccessibilityIdentifiers.swift */ = {isa = PBXFileReference; lastKnownFileType = sourcecode.swift; path = AccessibilityIdentifiers.swift; sourceTree = "<group>"; };
		B6CA4A9A20BED19B006F42AC /* TransitionExampleTests.swift */ = {isa = PBXFileReference; fileEncoding = 4; lastKnownFileType = sourcecode.swift; path = TransitionExampleTests.swift; sourceTree = "<group>"; };
		C615FBAE1D7A1BB500EAEEFB /* TestFlowViewController.swift */ = {isa = PBXFileReference; fileEncoding = 4; lastKnownFileType = sourcecode.swift; path = TestFlowViewController.swift; sourceTree = "<group>"; };
		C636FFA91BBBD99200EB243B /* Assets.xcassets */ = {isa = PBXFileReference; lastKnownFileType = folder.assetcatalog; path = Assets.xcassets; sourceTree = "<group>"; };
		C636FFAF1BBC329600EB243B /* TransparentCoachMarkArrowView.swift */ = {isa = PBXFileReference; fileEncoding = 4; lastKnownFileType = sourcecode.swift; path = TransparentCoachMarkArrowView.swift; sourceTree = "<group>"; };
		C636FFB01BBC329600EB243B /* TransparentCoachMarkBodyView.swift */ = {isa = PBXFileReference; fileEncoding = 4; lastKnownFileType = sourcecode.swift; path = TransparentCoachMarkBodyView.swift; sourceTree = "<group>"; };
		C63935DA1D2837EF002DCABF /* BackgroundNetworkingViewController.swift */ = {isa = PBXFileReference; fileEncoding = 4; lastKnownFileType = sourcecode.swift; path = BackgroundNetworkingViewController.swift; sourceTree = "<group>"; };
		C63BB9151C73CDD600C81A4D /* TransitionFromCodeViewController.swift */ = {isa = PBXFileReference; fileEncoding = 4; lastKnownFileType = sourcecode.swift; path = TransitionFromCodeViewController.swift; sourceTree = "<group>"; };
		C64FB30C1BB6CB1C0081E5B6 /* InstructionsExample.app */ = {isa = PBXFileReference; explicitFileType = wrapper.application; includeInIndex = 0; path = InstructionsExample.app; sourceTree = BUILT_PRODUCTS_DIR; };
		C64FB32D1BB6CC180081E5B6 /* AppDelegate.swift */ = {isa = PBXFileReference; fileEncoding = 4; lastKnownFileType = sourcecode.swift; path = AppDelegate.swift; sourceTree = "<group>"; };
		C64FB3301BB6CC180081E5B6 /* Base */ = {isa = PBXFileReference; lastKnownFileType = file.storyboard; name = Base; path = Base.lproj/LaunchScreen.storyboard; sourceTree = "<group>"; };
		C64FB3321BB6CC180081E5B6 /* Base */ = {isa = PBXFileReference; lastKnownFileType = file.storyboard; name = Base; path = Base.lproj/Main.storyboard; sourceTree = "<group>"; };
		C64FB3331BB6CC180081E5B6 /* Info.plist */ = {isa = PBXFileReference; fileEncoding = 4; lastKnownFileType = text.plist.xml; path = Info.plist; sourceTree = "<group>"; };
		C64FB3341BB6CC180081E5B6 /* ProfileViewController.swift */ = {isa = PBXFileReference; fileEncoding = 4; lastKnownFileType = sourcecode.swift; path = ProfileViewController.swift; sourceTree = "<group>"; };
		C64FB3831BB98CE90081E5B6 /* CustomCoachMarkBodyView.swift */ = {isa = PBXFileReference; fileEncoding = 4; lastKnownFileType = sourcecode.swift; path = CustomCoachMarkBodyView.swift; sourceTree = "<group>"; };
		C64FB3851BB98EC20081E5B6 /* CustomCoachMarkArrowView.swift */ = {isa = PBXFileReference; fileEncoding = 4; lastKnownFileType = sourcecode.swift; path = CustomCoachMarkArrowView.swift; sourceTree = "<group>"; };
		C6CE54291BBD435500154266 /* BlurringOverlayViewController.swift */ = {isa = PBXFileReference; fileEncoding = 4; lastKnownFileType = sourcecode.swift; path = BlurringOverlayViewController.swift; sourceTree = "<group>"; };
		C6CE542A1BBD435500154266 /* CustomViewController.swift */ = {isa = PBXFileReference; fileEncoding = 4; lastKnownFileType = sourcecode.swift; path = CustomViewController.swift; sourceTree = "<group>"; };
		C6CE542B1BBD435500154266 /* DefaultViewController.swift */ = {isa = PBXFileReference; fileEncoding = 4; lastKnownFileType = sourcecode.swift; path = DefaultViewController.swift; sourceTree = "<group>"; };
		C6CE542F1BBD43CB00154266 /* DelegateViewController.swift */ = {isa = PBXFileReference; fileEncoding = 4; lastKnownFileType = sourcecode.swift; path = DelegateViewController.swift; sourceTree = "<group>"; };
		C6CE54301BBD43CB00154266 /* MixedCoachMarksViewController.swift */ = {isa = PBXFileReference; fileEncoding = 4; lastKnownFileType = sourcecode.swift; path = MixedCoachMarksViewController.swift; sourceTree = "<group>"; };
/* End PBXFileReference section */

/* Begin PBXFrameworksBuildPhase section */
		B639B27E20D4E71D009996CF /* Frameworks */ = {
			isa = PBXFrameworksBuildPhase;
			buildActionMask = 2147483647;
			files = (
				B639B28E20D4E7CA009996CF /* FBSnapshotTestCase.framework in Frameworks */,
			);
			runOnlyForDeploymentPostprocessing = 0;
		};
		B6C9D64A20D3B7FC00EBC03A /* Frameworks */ = {
			isa = PBXFrameworksBuildPhase;
			buildActionMask = 2147483647;
			files = (
			);
			runOnlyForDeploymentPostprocessing = 0;
		};
		B6CA4A8120BE7141006F42AC /* Frameworks */ = {
			isa = PBXFrameworksBuildPhase;
			buildActionMask = 2147483647;
			files = (
			);
			runOnlyForDeploymentPostprocessing = 0;
		};
		C64FB3091BB6CB1C0081E5B6 /* Frameworks */ = {
			isa = PBXFrameworksBuildPhase;
			buildActionMask = 2147483647;
			files = (
				B6CA4A9120BE8033006F42AC /* Instructions.framework in Frameworks */,
			);
			runOnlyForDeploymentPostprocessing = 0;
		};
/* End PBXFrameworksBuildPhase section */

/* Begin PBXGroup section */
		B618494620C2608000315E1C /* Basic Examples */ = {
			isa = PBXGroup;
			children = (
				5B84A3AD1BF48BE200C795F8 /* OnlyHintsViewController.swift */,
				C6CE54291BBD435500154266 /* BlurringOverlayViewController.swift */,
				C6CE542A1BBD435500154266 /* CustomViewController.swift */,
				C6CE542B1BBD435500154266 /* DefaultViewController.swift */,
				C6CE54301BBD43CB00154266 /* MixedCoachMarksViewController.swift */,
				B6454D5F20C78C2900DCF351 /* LargeCutoutViewController.swift */,
			);
			path = "Basic Examples";
			sourceTree = "<group>";
		};
		B618494720C260A000315E1C /* Delegate Examples */ = {
			isa = PBXGroup;
			children = (
				C6CE542F1BBD43CB00154266 /* DelegateViewController.swift */,
				B65DDDD31EE2EED0002618AF /* KeyboardViewController.swift */,
				C63BB9151C73CDD600C81A4D /* TransitionFromCodeViewController.swift */,
				B661D5B31F3AFA48000D29D3 /* ConfigurationViewController.swift */,
				B618494120C2472100315E1C /* PausingCodeViewController.swift */,
			);
			path = "Delegate Examples";
			sourceTree = "<group>";
		};
		B618494820C260D300315E1C /* Debug */ = {
			isa = PBXGroup;
			children = (
				C63935DA1D2837EF002DCABF /* BackgroundNetworkingViewController.swift */,
				C615FBAE1D7A1BB500EAEEFB /* TestFlowViewController.swift */,
			);
			path = Debug;
			sourceTree = "<group>";
		};
		B639B28220D4E71D009996CF /* Snapshot Tests */ = {
			isa = PBXGroup;
			children = (
				B639B28F20D4E807009996CF /* BaseSnapshotTestCase.swift */,
				B6C9D6A020D4103700EBC03A /* DefaultExampleSnapshotTests.swift */,
				B639B28C20D4E735009996CF /* Supporting Files */,
			);
			name = "Snapshot Tests";
			path = "Example/Snapshot Tests";
			sourceTree = "<group>";
		};
		B639B28C20D4E735009996CF /* Supporting Files */ = {
			isa = PBXGroup;
			children = (
				B639B28520D4E71D009996CF /* Info.plist */,
			);
			path = "Supporting Files";
			sourceTree = "<group>";
		};
		B690138320BE6B2E00E706B2 /* Products */ = {
			isa = PBXGroup;
			children = (
				B690138920BE6B2E00E706B2 /* Instructions.framework */,
				B690138B20BE6B2E00E706B2 /* InstructionsAppExtensions.framework */,
			);
			name = Products;
			sourceTree = "<group>";
		};
		B6A53F5E1EEA8D2000873D75 /* Core */ = {
			isa = PBXGroup;
			children = (
				C6CE54281BBD42E500154266 /* Custom Views */,
				C636FFAE1BBBF69B00EB243B /* Storyboards */,
				C6CE54261BBD42D300154266 /* View Controllers */,
				C64FB32D1BB6CC180081E5B6 /* AppDelegate.swift */,
				B65DDDC11EE2C5F1002618AF /* Extensions.swift */,
				B6CA4A9820BEC111006F42AC /* AccessibilityIdentifiers.swift */,
			);
			path = Core;
			sourceTree = "<group>";
		};
		B6C9D65720D3B84D00EBC03A /* Unit Tests */ = {
			isa = PBXGroup;
			children = (
				B6C9D65D20D3B90D00EBC03A /* Core */,
				B6C9D67520D3B90D00EBC03A /* Helpers */,
				B6C9D66D20D3B90D00EBC03A /* Managers */,
				B6C9D66120D3B90D00EBC03A /* Protocols */,
				B6C9D66820D3B90D00EBC03A /* Views */,
				B6C9D65C20D3B87100EBC03A /* Supporting Files */,
			);
			name = "Unit Tests";
			path = "Example/Unit Tests";
			sourceTree = "<group>";
		};
		B6C9D65C20D3B87100EBC03A /* Supporting Files */ = {
			isa = PBXGroup;
			children = (
				B6C9D65920D3B84D00EBC03A /* Info.plist */,
			);
			path = "Supporting Files";
			sourceTree = "<group>";
		};
		B6C9D65D20D3B90D00EBC03A /* Core */ = {
			isa = PBXGroup;
			children = (
				B6C9D68A20D3C01D00EBC03A /* Internal */,
				B6C9D65E20D3B90D00EBC03A /* Public */,
			);
			path = Core;
			sourceTree = "<group>";
		};
		B6C9D65E20D3B90D00EBC03A /* Public */ = {
			isa = PBXGroup;
			children = (
				B6C9D65F20D3B90D00EBC03A /* CoachMarkTests.swift */,
				B6C9D66020D3B90D00EBC03A /* CoachMarksControllerTests.swift */,
			);
			path = Public;
			sourceTree = "<group>";
		};
		B6C9D66120D3B90D00EBC03A /* Protocols */ = {
			isa = PBXGroup;
			children = (
				B6C9D66220D3B90D00EBC03A /* Internal */,
			);
			path = Protocols;
			sourceTree = "<group>";
		};
		B6C9D66220D3B90D00EBC03A /* Internal */ = {
			isa = PBXGroup;
			children = (
				B6C9D66320D3B90D00EBC03A /* DataSource */,
				B6C9D66720D3B90D00EBC03A /* Delegate */,
			);
			path = Internal;
			sourceTree = "<group>";
		};
		B6C9D66320D3B90D00EBC03A /* DataSource */ = {
			isa = PBXGroup;
			children = (
				B6C9D66420D3B90D00EBC03A /* DataSourceCoachMarkAtTest.swift */,
				B6C9D66520D3B90D00EBC03A /* DataSourceNumberOfCoachMarksTest.swift */,
				B6C9D66620D3B90D00EBC03A /* DataSourceBaseTest.swift */,
			);
			path = DataSource;
			sourceTree = "<group>";
		};
		B6C9D66720D3B90D00EBC03A /* Delegate */ = {
			isa = PBXGroup;
			children = (
			);
			path = Delegate;
			sourceTree = "<group>";
		};
		B6C9D66820D3B90D00EBC03A /* Views */ = {
			isa = PBXGroup;
			children = (
				B6C9D66920D3B90D00EBC03A /* OverlayViewTests.swift */,
				B6C9D66A20D3B90D00EBC03A /* MaskViewTests.swift */,
				B6C9D66B20D3B90D00EBC03A /* OverlaySnapshotViewTests.swift */,
				B6C9D66C20D3B90D00EBC03A /* PassthroughGenericTests.swift */,
			);
			path = Views;
			sourceTree = "<group>";
		};
		B6C9D66D20D3B90D00EBC03A /* Managers */ = {
			isa = PBXGroup;
			children = (
				B6C9D66E20D3B90D00EBC03A /* Internal */,
			);
			path = Managers;
			sourceTree = "<group>";
		};
		B6C9D66E20D3B90D00EBC03A /* Internal */ = {
			isa = PBXGroup;
			children = (
				B6C9D66F20D3B90D00EBC03A /* OverlayManagerTests.swift */,
				B6C9D67020D3B90D00EBC03A /* CoachMarkDisplayManagerTests.swift */,
				B6C9D67120D3B90D00EBC03A /* SkipViewDisplayManagerTests.swift */,
				B6C9D67220D3B90D00EBC03A /* OverlayStyleManager */,
			);
			path = Internal;
			sourceTree = "<group>";
		};
		B6C9D67220D3B90D00EBC03A /* OverlayStyleManager */ = {
			isa = PBXGroup;
			children = (
				B6C9D67320D3B90D00EBC03A /* TranslucentOverlayStyleManagerTest.swift */,
				B6C9D67420D3B90D00EBC03A /* BlurringOverlayStyleManagerTest.swift */,
			);
			path = OverlayStyleManager;
			sourceTree = "<group>";
		};
		B6C9D67520D3B90D00EBC03A /* Helpers */ = {
			isa = PBXGroup;
			children = (
				B6C9D67620D3B90D00EBC03A /* CoachMarkHelperTests.swift */,
				B6C9D67720D3B90D00EBC03A /* CoachMarkLayoutHelperTests.swift */,
				B6C9D67820D3B90D00EBC03A /* CoachMarkInnerLayoutHelperTests.swift */,
			);
			path = Helpers;
			sourceTree = "<group>";
		};
		B6C9D68A20D3C01D00EBC03A /* Internal */ = {
			isa = PBXGroup;
			children = (
				B6C9D68B20D3C02400EBC03A /* CoachMarksViewControllerTests.swift */,
			);
			path = Internal;
			sourceTree = "<group>";
		};
		B6C9D69120D40BDA00EBC03A /* Frameworks */ = {
			isa = PBXGroup;
			children = (
				B6C9D69A20D40DFD00EBC03A /* FBSnapshotTestCase.framework */,
			);
			name = Frameworks;
			sourceTree = "<group>";
		};
		B6CA4A8520BE7141006F42AC /* UI Tests */ = {
			isa = PBXGroup;
			children = (
				B6CA4A9A20BED19B006F42AC /* TransitionExampleTests.swift */,
				B6CA4A9620BEBB53006F42AC /* CustomExampleTests.swift */,
				B6CA4A8620BE7141006F42AC /* DefaultExampleTests.swift */,
				B6CA4A9020BE76CB006F42AC /* Supporting Files */,
			);
			name = "UI Tests";
			path = "Example/UI Tests";
			sourceTree = "<group>";
		};
		B6CA4A9020BE76CB006F42AC /* Supporting Files */ = {
			isa = PBXGroup;
			children = (
				B6CA4A8820BE7141006F42AC /* Info.plist */,
			);
			path = "Supporting Files";
			sourceTree = "<group>";
		};
		C636FFAD1BBBF68300EB243B /* Supporting Files */ = {
			isa = PBXGroup;
			children = (
				C636FFA91BBBD99200EB243B /* Assets.xcassets */,
				C64FB3331BB6CC180081E5B6 /* Info.plist */,
			);
			path = "Supporting Files";
			sourceTree = "<group>";
		};
		C636FFAE1BBBF69B00EB243B /* Storyboards */ = {
			isa = PBXGroup;
			children = (
				C64FB32F1BB6CC180081E5B6 /* LaunchScreen.storyboard */,
				C64FB3311BB6CC180081E5B6 /* Main.storyboard */,
			);
			path = Storyboards;
			sourceTree = "<group>";
		};
		C64FB3031BB6CB1C0081E5B6 = {
			isa = PBXGroup;
			children = (
				B6C9D69120D40BDA00EBC03A /* Frameworks */,
				C64FB30D1BB6CB1C0081E5B6 /* Products */,
				C64FB32C1BB6CC180081E5B6 /* Sources */,
				B639B28220D4E71D009996CF /* Snapshot Tests */,
				B6C9D65720D3B84D00EBC03A /* Unit Tests */,
				B6CA4A8520BE7141006F42AC /* UI Tests */,
				B690138220BE6B2E00E706B2 /* Instructions.xcodeproj */,
			);
			sourceTree = "<group>";
		};
		C64FB30D1BB6CB1C0081E5B6 /* Products */ = {
			isa = PBXGroup;
			children = (
				C64FB30C1BB6CB1C0081E5B6 /* InstructionsExample.app */,
				B6CA4A8420BE7141006F42AC /* InstructionsExampleUITests.xctest */,
				B6C9D64D20D3B7FC00EBC03A /* InstructionsUnitTests.xctest */,
				B639B28120D4E71D009996CF /* InstructionsSnapshotTests.xctest */,
			);
			name = Products;
			sourceTree = "<group>";
		};
		C64FB32C1BB6CC180081E5B6 /* Sources */ = {
			isa = PBXGroup;
			children = (
				B6A53F5E1EEA8D2000873D75 /* Core */,
				C636FFAD1BBBF68300EB243B /* Supporting Files */,
			);
			name = Sources;
			path = Example/Sources;
			sourceTree = "<group>";
		};
		C6CE54261BBD42D300154266 /* View Controllers */ = {
			isa = PBXGroup;
			children = (
				B618494820C260D300315E1C /* Debug */,
				B618494720C260A000315E1C /* Delegate Examples */,
				B618494620C2608000315E1C /* Basic Examples */,
				B65DDDD51EE34330002618AF /* MainTableViewController.swift */,
				C64FB3341BB6CC180081E5B6 /* ProfileViewController.swift */,
				B661D5B71F3B00FB000D29D3 /* InstructionsNavigationController.swift */,
			);
			path = "View Controllers";
			sourceTree = "<group>";
		};
		C6CE54281BBD42E500154266 /* Custom Views */ = {
			isa = PBXGroup;
			children = (
				C64FB3851BB98EC20081E5B6 /* CustomCoachMarkArrowView.swift */,
				C64FB3831BB98CE90081E5B6 /* CustomCoachMarkBodyView.swift */,
				C636FFAF1BBC329600EB243B /* TransparentCoachMarkArrowView.swift */,
				C636FFB01BBC329600EB243B /* TransparentCoachMarkBodyView.swift */,
			);
			path = "Custom Views";
			sourceTree = "<group>";
		};
/* End PBXGroup section */

/* Begin PBXNativeTarget section */
		B639B28020D4E71D009996CF /* InstructionsSnapshotTests */ = {
			isa = PBXNativeTarget;
			buildConfigurationList = B639B28B20D4E71D009996CF /* Build configuration list for PBXNativeTarget "InstructionsSnapshotTests" */;
			buildPhases = (
				B639B27D20D4E71D009996CF /* Sources */,
				B639B27E20D4E71D009996CF /* Frameworks */,
				B639B27F20D4E71D009996CF /* Resources */,
				B6F2327723484DED00040090 /* CopyFiles */,
			);
			buildRules = (
			);
			dependencies = (
				B639B28720D4E71D009996CF /* PBXTargetDependency */,
			);
			name = InstructionsSnapshotTests;
			productName = InstructionsSnapshotTests;
			productReference = B639B28120D4E71D009996CF /* InstructionsSnapshotTests.xctest */;
			productType = "com.apple.product-type.bundle.unit-test";
		};
		B6C9D64C20D3B7FC00EBC03A /* InstructionsUnitTests */ = {
			isa = PBXNativeTarget;
			buildConfigurationList = B6C9D65420D3B7FC00EBC03A /* Build configuration list for PBXNativeTarget "InstructionsUnitTests" */;
			buildPhases = (
				B6C9D64920D3B7FC00EBC03A /* Sources */,
				B6C9D64A20D3B7FC00EBC03A /* Frameworks */,
				B6C9D64B20D3B7FC00EBC03A /* Resources */,
			);
			buildRules = (
			);
			dependencies = (
				B6C9D65320D3B7FC00EBC03A /* PBXTargetDependency */,
			);
			name = InstructionsUnitTests;
			productName = InstructionsUnitTests;
			productReference = B6C9D64D20D3B7FC00EBC03A /* InstructionsUnitTests.xctest */;
			productType = "com.apple.product-type.bundle.unit-test";
		};
		B6CA4A8320BE7141006F42AC /* InstructionsExampleUITests */ = {
			isa = PBXNativeTarget;
			buildConfigurationList = B6CA4A8B20BE7141006F42AC /* Build configuration list for PBXNativeTarget "InstructionsExampleUITests" */;
			buildPhases = (
				B6CA4A8020BE7141006F42AC /* Sources */,
				B6CA4A8120BE7141006F42AC /* Frameworks */,
				B6CA4A8220BE7141006F42AC /* Resources */,
			);
			buildRules = (
			);
			dependencies = (
				B6CA4A8A20BE7141006F42AC /* PBXTargetDependency */,
			);
			name = InstructionsExampleUITests;
			productName = InstructionsExampleUITests;
			productReference = B6CA4A8420BE7141006F42AC /* InstructionsExampleUITests.xctest */;
			productType = "com.apple.product-type.bundle.ui-testing";
		};
		C64FB30B1BB6CB1C0081E5B6 /* InstructionsExample */ = {
			isa = PBXNativeTarget;
			buildConfigurationList = C64FB31E1BB6CB1C0081E5B6 /* Build configuration list for PBXNativeTarget "InstructionsExample" */;
			buildPhases = (
				C64FB3081BB6CB1C0081E5B6 /* Sources */,
				C64FB3091BB6CB1C0081E5B6 /* Frameworks */,
				C64FB30A1BB6CB1C0081E5B6 /* Resources */,
				B6A74FCA1E3658C6001D8991 /* Embed Frameworks */,
			);
			buildRules = (
			);
			dependencies = (
				B6CA4A9420BE8033006F42AC /* PBXTargetDependency */,
			);
			name = InstructionsExample;
			productName = "Instructions Example";
			productReference = C64FB30C1BB6CB1C0081E5B6 /* InstructionsExample.app */;
			productType = "com.apple.product-type.application";
		};
/* End PBXNativeTarget section */

/* Begin PBXProject section */
		C64FB3041BB6CB1C0081E5B6 /* Project object */ = {
			isa = PBXProject;
			attributes = {
				LastSwiftUpdateCheck = 0940;
				LastUpgradeCheck = 1020;
				ORGANIZATIONNAME = Ephread;
				TargetAttributes = {
					B639B28020D4E71D009996CF = {
						CreatedOnToolsVersion = 9.4;
						LastSwiftMigration = 1020;
						ProvisioningStyle = Automatic;
						TestTargetID = C64FB30B1BB6CB1C0081E5B6;
					};
					B6C9D64C20D3B7FC00EBC03A = {
						CreatedOnToolsVersion = 9.4;
						LastSwiftMigration = 1020;
						ProvisioningStyle = Automatic;
						TestTargetID = C64FB30B1BB6CB1C0081E5B6;
					};
					B6CA4A8320BE7141006F42AC = {
						CreatedOnToolsVersion = 9.3;
						LastSwiftMigration = 1020;
						ProvisioningStyle = Automatic;
						TestTargetID = C64FB30B1BB6CB1C0081E5B6;
					};
					C64FB30B1BB6CB1C0081E5B6 = {
						CreatedOnToolsVersion = 7.0;
						DevelopmentTeam = EV2G94D75V;
						LastSwiftMigration = 1020;
					};
				};
			};
			buildConfigurationList = C64FB3071BB6CB1C0081E5B6 /* Build configuration list for PBXProject "Instructions Example" */;
			compatibilityVersion = "Xcode 3.2";
			developmentRegion = en;
			hasScannedForEncodings = 0;
			knownRegions = (
				en,
				Base,
			);
			mainGroup = C64FB3031BB6CB1C0081E5B6;
			productRefGroup = C64FB30D1BB6CB1C0081E5B6 /* Products */;
			projectDirPath = "";
			projectReferences = (
				{
					ProductGroup = B690138320BE6B2E00E706B2 /* Products */;
					ProjectRef = B690138220BE6B2E00E706B2 /* Instructions.xcodeproj */;
				},
			);
			projectRoot = "";
			targets = (
				C64FB30B1BB6CB1C0081E5B6 /* InstructionsExample */,
				B6C9D64C20D3B7FC00EBC03A /* InstructionsUnitTests */,
				B639B28020D4E71D009996CF /* InstructionsSnapshotTests */,
				B6CA4A8320BE7141006F42AC /* InstructionsExampleUITests */,
			);
		};
/* End PBXProject section */

/* Begin PBXReferenceProxy section */
		B690138920BE6B2E00E706B2 /* Instructions.framework */ = {
			isa = PBXReferenceProxy;
			fileType = wrapper.framework;
			path = Instructions.framework;
			remoteRef = B690138820BE6B2E00E706B2 /* PBXContainerItemProxy */;
			sourceTree = BUILT_PRODUCTS_DIR;
		};
		B690138B20BE6B2E00E706B2 /* InstructionsAppExtensions.framework */ = {
			isa = PBXReferenceProxy;
			fileType = wrapper.framework;
			path = InstructionsAppExtensions.framework;
			remoteRef = B690138A20BE6B2E00E706B2 /* PBXContainerItemProxy */;
			sourceTree = BUILT_PRODUCTS_DIR;
		};
/* End PBXReferenceProxy section */

/* Begin PBXResourcesBuildPhase section */
		B639B27F20D4E71D009996CF /* Resources */ = {
			isa = PBXResourcesBuildPhase;
			buildActionMask = 2147483647;
			files = (
			);
			runOnlyForDeploymentPostprocessing = 0;
		};
		B6C9D64B20D3B7FC00EBC03A /* Resources */ = {
			isa = PBXResourcesBuildPhase;
			buildActionMask = 2147483647;
			files = (
			);
			runOnlyForDeploymentPostprocessing = 0;
		};
		B6CA4A8220BE7141006F42AC /* Resources */ = {
			isa = PBXResourcesBuildPhase;
			buildActionMask = 2147483647;
			files = (
			);
			runOnlyForDeploymentPostprocessing = 0;
		};
		C64FB30A1BB6CB1C0081E5B6 /* Resources */ = {
			isa = PBXResourcesBuildPhase;
			buildActionMask = 2147483647;
			files = (
				C64FB3381BB6CC180081E5B6 /* Main.storyboard in Resources */,
				C636FFAA1BBBD99200EB243B /* Assets.xcassets in Resources */,
				C64FB3371BB6CC180081E5B6 /* LaunchScreen.storyboard in Resources */,
			);
			runOnlyForDeploymentPostprocessing = 0;
		};
/* End PBXResourcesBuildPhase section */

/* Begin PBXSourcesBuildPhase section */
		B639B27D20D4E71D009996CF /* Sources */ = {
			isa = PBXSourcesBuildPhase;
			buildActionMask = 2147483647;
			files = (
				B639B29120D4E829009996CF /* BaseSnapshotTestCase.swift in Sources */,
				B639B28D20D4E7AA009996CF /* DefaultExampleSnapshotTests.swift in Sources */,
			);
			runOnlyForDeploymentPostprocessing = 0;
		};
		B6C9D64920D3B7FC00EBC03A /* Sources */ = {
			isa = PBXSourcesBuildPhase;
			buildActionMask = 2147483647;
			files = (
				B6C9D68520D3B90D00EBC03A /* TranslucentOverlayStyleManagerTest.swift in Sources */,
				B6C9D68320D3B90D00EBC03A /* CoachMarkDisplayManagerTests.swift in Sources */,
				B6C9D67920D3B90D00EBC03A /* CoachMarkTests.swift in Sources */,
				B6C9D68020D3B90D00EBC03A /* OverlaySnapshotViewTests.swift in Sources */,
				B6C9D68920D3B90D00EBC03A /* CoachMarkInnerLayoutHelperTests.swift in Sources */,
				B6C9D68C20D3C02400EBC03A /* CoachMarksViewControllerTests.swift in Sources */,
				B6C9D68120D3B90D00EBC03A /* PassthroughGenericTests.swift in Sources */,
				B6C9D67A20D3B90D00EBC03A /* CoachMarksControllerTests.swift in Sources */,
				B6C9D68220D3B90D00EBC03A /* OverlayManagerTests.swift in Sources */,
				B6C9D68720D3B90D00EBC03A /* CoachMarkHelperTests.swift in Sources */,
				B6C9D68620D3B90D00EBC03A /* BlurringOverlayStyleManagerTest.swift in Sources */,
				B6C9D67F20D3B90D00EBC03A /* MaskViewTests.swift in Sources */,
				B6C9D68820D3B90D00EBC03A /* CoachMarkLayoutHelperTests.swift in Sources */,
				B6C9D67D20D3B90D00EBC03A /* DataSourceBaseTest.swift in Sources */,
				B6C9D67E20D3B90D00EBC03A /* OverlayViewTests.swift in Sources */,
				B6C9D67C20D3B90D00EBC03A /* DataSourceNumberOfCoachMarksTest.swift in Sources */,
				B6C9D68420D3B90D00EBC03A /* SkipViewDisplayManagerTests.swift in Sources */,
				B6C9D67B20D3B90D00EBC03A /* DataSourceCoachMarkAtTest.swift in Sources */,
			);
			runOnlyForDeploymentPostprocessing = 0;
		};
		B6CA4A8020BE7141006F42AC /* Sources */ = {
			isa = PBXSourcesBuildPhase;
			buildActionMask = 2147483647;
			files = (
				B6CA4A8720BE7141006F42AC /* DefaultExampleTests.swift in Sources */,
				B6CA4A9720BEBB53006F42AC /* CustomExampleTests.swift in Sources */,
				B6CA4A9B20BED19B006F42AC /* TransitionExampleTests.swift in Sources */,
			);
			runOnlyForDeploymentPostprocessing = 0;
		};
		C64FB3081BB6CB1C0081E5B6 /* Sources */ = {
			isa = PBXSourcesBuildPhase;
			buildActionMask = 2147483647;
			files = (
				C64FB3861BB98EC20081E5B6 /* CustomCoachMarkArrowView.swift in Sources */,
				C64FB3841BB98CE90081E5B6 /* CustomCoachMarkBodyView.swift in Sources */,
				C63935DB1D2837EF002DCABF /* BackgroundNetworkingViewController.swift in Sources */,
				B618494220C2472200315E1C /* PausingCodeViewController.swift in Sources */,
				C636FFB11BBC329600EB243B /* TransparentCoachMarkArrowView.swift in Sources */,
				B65DDDD61EE34330002618AF /* MainTableViewController.swift in Sources */,
				5B84A3AE1BF48BE200C795F8 /* OnlyHintsViewController.swift in Sources */,
				C6CE542C1BBD435500154266 /* BlurringOverlayViewController.swift in Sources */,
				C63BB9161C73CDD600C81A4D /* TransitionFromCodeViewController.swift in Sources */,
				C64FB33A1BB6CC180081E5B6 /* ProfileViewController.swift in Sources */,
				C6CE54311BBD43CB00154266 /* DelegateViewController.swift in Sources */,
				C64FB3351BB6CC180081E5B6 /* AppDelegate.swift in Sources */,
				C6CE542E1BBD435500154266 /* DefaultViewController.swift in Sources */,
				B65DDDC21EE2C5F1002618AF /* Extensions.swift in Sources */,
				C636FFB21BBC329600EB243B /* TransparentCoachMarkBodyView.swift in Sources */,
				C6CE54321BBD43CB00154266 /* MixedCoachMarksViewController.swift in Sources */,
				C6CE542D1BBD435500154266 /* CustomViewController.swift in Sources */,
				B6454D6220C78C2A00DCF351 /* LargeCutoutViewController.swift in Sources */,
				B661D5B61F3AFA48000D29D3 /* ConfigurationViewController.swift in Sources */,
				B65DDDD41EE2EED0002618AF /* KeyboardViewController.swift in Sources */,
				B6CA4A9920BEC111006F42AC /* AccessibilityIdentifiers.swift in Sources */,
				B661D5B81F3B00FB000D29D3 /* InstructionsNavigationController.swift in Sources */,
				C615FBAF1D7A1BB500EAEEFB /* TestFlowViewController.swift in Sources */,
			);
			runOnlyForDeploymentPostprocessing = 0;
		};
/* End PBXSourcesBuildPhase section */

/* Begin PBXTargetDependency section */
		B639B28720D4E71D009996CF /* PBXTargetDependency */ = {
			isa = PBXTargetDependency;
			target = C64FB30B1BB6CB1C0081E5B6 /* InstructionsExample */;
			targetProxy = B639B28620D4E71D009996CF /* PBXContainerItemProxy */;
		};
		B6C9D65320D3B7FC00EBC03A /* PBXTargetDependency */ = {
			isa = PBXTargetDependency;
			target = C64FB30B1BB6CB1C0081E5B6 /* InstructionsExample */;
			targetProxy = B6C9D65220D3B7FC00EBC03A /* PBXContainerItemProxy */;
		};
		B6CA4A8A20BE7141006F42AC /* PBXTargetDependency */ = {
			isa = PBXTargetDependency;
			target = C64FB30B1BB6CB1C0081E5B6 /* InstructionsExample */;
			targetProxy = B6CA4A8920BE7141006F42AC /* PBXContainerItemProxy */;
		};
		B6CA4A9420BE8033006F42AC /* PBXTargetDependency */ = {
			isa = PBXTargetDependency;
			name = Instructions;
			targetProxy = B6CA4A9320BE8033006F42AC /* PBXContainerItemProxy */;
		};
/* End PBXTargetDependency section */

/* Begin PBXVariantGroup section */
		C64FB32F1BB6CC180081E5B6 /* LaunchScreen.storyboard */ = {
			isa = PBXVariantGroup;
			children = (
				C64FB3301BB6CC180081E5B6 /* Base */,
			);
			name = LaunchScreen.storyboard;
			path = .;
			sourceTree = "<group>";
		};
		C64FB3311BB6CC180081E5B6 /* Main.storyboard */ = {
			isa = PBXVariantGroup;
			children = (
				C64FB3321BB6CC180081E5B6 /* Base */,
			);
			name = Main.storyboard;
			path = .;
			sourceTree = "<group>";
		};
/* End PBXVariantGroup section */

/* Begin XCBuildConfiguration section */
		B639B28820D4E71D009996CF /* Debug */ = {
			isa = XCBuildConfiguration;
			buildSettings = {
				BUNDLE_LOADER = "$(TEST_HOST)";
				CLANG_ANALYZER_NONNULL = YES;
				CLANG_ANALYZER_NUMBER_OBJECT_CONVERSION = YES_AGGRESSIVE;
				CLANG_CXX_LANGUAGE_STANDARD = "gnu++14";
				CLANG_ENABLE_OBJC_WEAK = YES;
				CLANG_WARN_DOCUMENTATION_COMMENTS = YES;
				CLANG_WARN_UNGUARDED_AVAILABILITY = YES_AGGRESSIVE;
				CODE_SIGN_IDENTITY = "iPhone Developer";
				CODE_SIGN_STYLE = Automatic;
				FRAMEWORK_SEARCH_PATHS = (
					"$(inherited)",
					"$(PROJECT_DIR)/Carthage/Build/iOS",
				);
				GCC_C_LANGUAGE_STANDARD = gnu11;
				INFOPLIST_FILE = "$(SRCROOT)/Example/Snapshot Tests/Supporting Files/Info.plist";
				IPHONEOS_DEPLOYMENT_TARGET = 12.0;
				LD_RUNPATH_SEARCH_PATHS = "$(inherited) @executable_path/Frameworks @loader_path/Frameworks";
				PRODUCT_BUNDLE_IDENTIFIER = com.ephread.InstructionsSnapshotTests;
				PRODUCT_NAME = "$(TARGET_NAME)";
				SWIFT_ACTIVE_COMPILATION_CONDITIONS = DEBUG;
				SWIFT_VERSION = 5.0;
				TARGETED_DEVICE_FAMILY = "1,2";
				TEST_HOST = "$(BUILT_PRODUCTS_DIR)/InstructionsExample.app/InstructionsExample";
			};
			name = Debug;
		};
		B639B28920D4E71D009996CF /* Release */ = {
			isa = XCBuildConfiguration;
			buildSettings = {
				BUNDLE_LOADER = "$(TEST_HOST)";
				CLANG_ANALYZER_NONNULL = YES;
				CLANG_ANALYZER_NUMBER_OBJECT_CONVERSION = YES_AGGRESSIVE;
				CLANG_CXX_LANGUAGE_STANDARD = "gnu++14";
				CLANG_ENABLE_OBJC_WEAK = YES;
				CLANG_WARN_DOCUMENTATION_COMMENTS = YES;
				CLANG_WARN_UNGUARDED_AVAILABILITY = YES_AGGRESSIVE;
				CODE_SIGN_IDENTITY = "iPhone Developer";
				CODE_SIGN_STYLE = Automatic;
				FRAMEWORK_SEARCH_PATHS = (
					"$(inherited)",
					"$(PROJECT_DIR)/Carthage/Build/iOS",
				);
				GCC_C_LANGUAGE_STANDARD = gnu11;
				INFOPLIST_FILE = "$(SRCROOT)/Example/Snapshot Tests/Supporting Files/Info.plist";
				IPHONEOS_DEPLOYMENT_TARGET = 12.0;
				LD_RUNPATH_SEARCH_PATHS = "$(inherited) @executable_path/Frameworks @loader_path/Frameworks";
				PRODUCT_BUNDLE_IDENTIFIER = com.ephread.InstructionsSnapshotTests;
				PRODUCT_NAME = "$(TARGET_NAME)";
				SWIFT_VERSION = 5.0;
				TARGETED_DEVICE_FAMILY = "1,2";
				TEST_HOST = "$(BUILT_PRODUCTS_DIR)/InstructionsExample.app/InstructionsExample";
			};
			name = Release;
		};
		B6C9D65520D3B7FC00EBC03A /* Debug */ = {
			isa = XCBuildConfiguration;
			buildSettings = {
				BUNDLE_LOADER = "$(TEST_HOST)";
				CLANG_ANALYZER_NONNULL = YES;
				CLANG_ANALYZER_NUMBER_OBJECT_CONVERSION = YES_AGGRESSIVE;
				CLANG_CXX_LANGUAGE_STANDARD = "gnu++14";
				CLANG_ENABLE_OBJC_WEAK = YES;
				CLANG_WARN_DOCUMENTATION_COMMENTS = YES;
				CLANG_WARN_UNGUARDED_AVAILABILITY = YES_AGGRESSIVE;
				CODE_SIGN_IDENTITY = "iPhone Developer";
				CODE_SIGN_STYLE = Automatic;
				FRAMEWORK_SEARCH_PATHS = (
					"$(inherited)",
					"$(PROJECT_DIR)/Carthage/Build/iOS",
				);
				GCC_C_LANGUAGE_STANDARD = gnu11;
				INFOPLIST_FILE = "$(SRCROOT)/Example/Unit Tests/Supporting Files/Info.plist";
				IPHONEOS_DEPLOYMENT_TARGET = 12.0;
				LD_RUNPATH_SEARCH_PATHS = "$(inherited) @executable_path/Frameworks @loader_path/Frameworks";
				PRODUCT_BUNDLE_IDENTIFIER = com.ephread.InstructionsUnitTests;
				PRODUCT_NAME = "$(TARGET_NAME)";
				SWIFT_ACTIVE_COMPILATION_CONDITIONS = DEBUG;
				SWIFT_VERSION = 5.0;
				TARGETED_DEVICE_FAMILY = "1,2";
				TEST_HOST = "$(BUILT_PRODUCTS_DIR)/InstructionsExample.app/InstructionsExample";
			};
			name = Debug;
		};
		B6C9D65620D3B7FC00EBC03A /* Release */ = {
			isa = XCBuildConfiguration;
			buildSettings = {
				BUNDLE_LOADER = "$(TEST_HOST)";
				CLANG_ANALYZER_NONNULL = YES;
				CLANG_ANALYZER_NUMBER_OBJECT_CONVERSION = YES_AGGRESSIVE;
				CLANG_CXX_LANGUAGE_STANDARD = "gnu++14";
				CLANG_ENABLE_OBJC_WEAK = YES;
				CLANG_WARN_DOCUMENTATION_COMMENTS = YES;
				CLANG_WARN_UNGUARDED_AVAILABILITY = YES_AGGRESSIVE;
				CODE_SIGN_IDENTITY = "iPhone Developer";
				CODE_SIGN_STYLE = Automatic;
				FRAMEWORK_SEARCH_PATHS = (
					"$(inherited)",
					"$(PROJECT_DIR)/Carthage/Build/iOS",
				);
				GCC_C_LANGUAGE_STANDARD = gnu11;
				INFOPLIST_FILE = "$(SRCROOT)/Example/Unit Tests/Supporting Files/Info.plist";
				IPHONEOS_DEPLOYMENT_TARGET = 12.0;
				LD_RUNPATH_SEARCH_PATHS = "$(inherited) @executable_path/Frameworks @loader_path/Frameworks";
				PRODUCT_BUNDLE_IDENTIFIER = com.ephread.InstructionsUnitTests;
				PRODUCT_NAME = "$(TARGET_NAME)";
				SWIFT_VERSION = 5.0;
				TARGETED_DEVICE_FAMILY = "1,2";
				TEST_HOST = "$(BUILT_PRODUCTS_DIR)/InstructionsExample.app/InstructionsExample";
			};
			name = Release;
		};
		B6CA4A8C20BE7141006F42AC /* Debug */ = {
			isa = XCBuildConfiguration;
			buildSettings = {
				CLANG_ANALYZER_NONNULL = YES;
				CLANG_ANALYZER_NUMBER_OBJECT_CONVERSION = YES_AGGRESSIVE;
				CLANG_CXX_LANGUAGE_STANDARD = "gnu++14";
				CLANG_ENABLE_OBJC_WEAK = YES;
				CLANG_WARN_DOCUMENTATION_COMMENTS = YES;
				CLANG_WARN_UNGUARDED_AVAILABILITY = YES_AGGRESSIVE;
				CODE_SIGN_IDENTITY = "iPhone Developer";
				CODE_SIGN_STYLE = Automatic;
				FRAMEWORK_SEARCH_PATHS = (
					"$(inherited)",
					"$(PROJECT_DIR)/Carthage/Build/iOS",
				);
				GCC_C_LANGUAGE_STANDARD = gnu11;
				INFOPLIST_FILE = "$(SRCROOT)/Example/UI Tests/Supporting Files/Info.plist";
				IPHONEOS_DEPLOYMENT_TARGET = 12.0;
				LD_RUNPATH_SEARCH_PATHS = "$(inherited) @executable_path/Frameworks @loader_path/Frameworks";
				PRODUCT_BUNDLE_IDENTIFIER = com.ephread.InstructionsExampleUITests;
				PRODUCT_NAME = "$(TARGET_NAME)";
				PROVISIONING_PROFILE = "";
				SWIFT_ACTIVE_COMPILATION_CONDITIONS = DEBUG;
				SWIFT_VERSION = 5.0;
				TARGETED_DEVICE_FAMILY = "1,2";
				TEST_TARGET_NAME = InstructionsExample;
			};
			name = Debug;
		};
		B6CA4A8D20BE7141006F42AC /* Release */ = {
			isa = XCBuildConfiguration;
			buildSettings = {
				CLANG_ANALYZER_NONNULL = YES;
				CLANG_ANALYZER_NUMBER_OBJECT_CONVERSION = YES_AGGRESSIVE;
				CLANG_CXX_LANGUAGE_STANDARD = "gnu++14";
				CLANG_ENABLE_OBJC_WEAK = YES;
				CLANG_WARN_DOCUMENTATION_COMMENTS = YES;
				CLANG_WARN_UNGUARDED_AVAILABILITY = YES_AGGRESSIVE;
				CODE_SIGN_IDENTITY = "iPhone Developer";
				CODE_SIGN_STYLE = Automatic;
				FRAMEWORK_SEARCH_PATHS = (
					"$(inherited)",
					"$(PROJECT_DIR)/Carthage/Build/iOS",
				);
				GCC_C_LANGUAGE_STANDARD = gnu11;
				INFOPLIST_FILE = "$(SRCROOT)/Example/UI Tests/Supporting Files/Info.plist";
				IPHONEOS_DEPLOYMENT_TARGET = 12.0;
				LD_RUNPATH_SEARCH_PATHS = "$(inherited) @executable_path/Frameworks @loader_path/Frameworks";
				PRODUCT_BUNDLE_IDENTIFIER = com.ephread.InstructionsExampleUITests;
				PRODUCT_NAME = "$(TARGET_NAME)";
				PROVISIONING_PROFILE = "";
				SWIFT_VERSION = 5.0;
				TARGETED_DEVICE_FAMILY = "1,2";
				TEST_TARGET_NAME = InstructionsExample;
			};
			name = Release;
		};
		C64FB31C1BB6CB1C0081E5B6 /* Debug */ = {
			isa = XCBuildConfiguration;
			buildSettings = {
				ALWAYS_SEARCH_USER_PATHS = NO;
				CLANG_ANALYZER_LOCALIZABILITY_NONLOCALIZED = YES;
				CLANG_CXX_LANGUAGE_STANDARD = "gnu++0x";
				CLANG_CXX_LIBRARY = "libc++";
				CLANG_ENABLE_MODULES = YES;
				CLANG_ENABLE_OBJC_ARC = YES;
				CLANG_WARN_BLOCK_CAPTURE_AUTORELEASING = YES;
				CLANG_WARN_BOOL_CONVERSION = YES;
				CLANG_WARN_COMMA = YES;
				CLANG_WARN_CONSTANT_CONVERSION = YES;
				CLANG_WARN_DEPRECATED_OBJC_IMPLEMENTATIONS = YES;
				CLANG_WARN_DIRECT_OBJC_ISA_USAGE = YES_ERROR;
				CLANG_WARN_EMPTY_BODY = YES;
				CLANG_WARN_ENUM_CONVERSION = YES;
				CLANG_WARN_INFINITE_RECURSION = YES;
				CLANG_WARN_INT_CONVERSION = YES;
				CLANG_WARN_NON_LITERAL_NULL_CONVERSION = YES;
				CLANG_WARN_OBJC_IMPLICIT_RETAIN_SELF = YES;
				CLANG_WARN_OBJC_LITERAL_CONVERSION = YES;
				CLANG_WARN_OBJC_ROOT_CLASS = YES_ERROR;
				CLANG_WARN_RANGE_LOOP_ANALYSIS = YES;
				CLANG_WARN_STRICT_PROTOTYPES = YES;
				CLANG_WARN_SUSPICIOUS_MOVE = YES;
				CLANG_WARN_UNREACHABLE_CODE = YES;
				CLANG_WARN__DUPLICATE_METHOD_MATCH = YES;
				"CODE_SIGN_IDENTITY[sdk=iphoneos*]" = "iPhone Developer";
				COPY_PHASE_STRIP = NO;
				DEBUG_INFORMATION_FORMAT = dwarf;
				ENABLE_STRICT_OBJC_MSGSEND = YES;
				ENABLE_TESTABILITY = YES;
				GCC_C_LANGUAGE_STANDARD = gnu99;
				GCC_DYNAMIC_NO_PIC = NO;
				GCC_NO_COMMON_BLOCKS = YES;
				GCC_OPTIMIZATION_LEVEL = 0;
				GCC_PREPROCESSOR_DEFINITIONS = (
					"DEBUG=1",
					"$(inherited)",
				);
				GCC_WARN_64_TO_32_BIT_CONVERSION = YES;
				GCC_WARN_ABOUT_RETURN_TYPE = YES_ERROR;
				GCC_WARN_UNDECLARED_SELECTOR = YES;
				GCC_WARN_UNINITIALIZED_AUTOS = YES_AGGRESSIVE;
				GCC_WARN_UNUSED_FUNCTION = YES;
				GCC_WARN_UNUSED_VARIABLE = YES;
				IPHONEOS_DEPLOYMENT_TARGET = 10.0;
				MTL_ENABLE_DEBUG_INFO = YES;
				ONLY_ACTIVE_ARCH = YES;
				SDKROOT = iphoneos;
				SWIFT_OPTIMIZATION_LEVEL = "-Onone";
				TARGETED_DEVICE_FAMILY = "1,2";
			};
			name = Debug;
		};
		C64FB31D1BB6CB1C0081E5B6 /* Release */ = {
			isa = XCBuildConfiguration;
			buildSettings = {
				ALWAYS_SEARCH_USER_PATHS = NO;
				CLANG_ANALYZER_LOCALIZABILITY_NONLOCALIZED = YES;
				CLANG_CXX_LANGUAGE_STANDARD = "gnu++0x";
				CLANG_CXX_LIBRARY = "libc++";
				CLANG_ENABLE_MODULES = YES;
				CLANG_ENABLE_OBJC_ARC = YES;
				CLANG_WARN_BLOCK_CAPTURE_AUTORELEASING = YES;
				CLANG_WARN_BOOL_CONVERSION = YES;
				CLANG_WARN_COMMA = YES;
				CLANG_WARN_CONSTANT_CONVERSION = YES;
				CLANG_WARN_DEPRECATED_OBJC_IMPLEMENTATIONS = YES;
				CLANG_WARN_DIRECT_OBJC_ISA_USAGE = YES_ERROR;
				CLANG_WARN_EMPTY_BODY = YES;
				CLANG_WARN_ENUM_CONVERSION = YES;
				CLANG_WARN_INFINITE_RECURSION = YES;
				CLANG_WARN_INT_CONVERSION = YES;
				CLANG_WARN_NON_LITERAL_NULL_CONVERSION = YES;
				CLANG_WARN_OBJC_IMPLICIT_RETAIN_SELF = YES;
				CLANG_WARN_OBJC_LITERAL_CONVERSION = YES;
				CLANG_WARN_OBJC_ROOT_CLASS = YES_ERROR;
				CLANG_WARN_RANGE_LOOP_ANALYSIS = YES;
				CLANG_WARN_STRICT_PROTOTYPES = YES;
				CLANG_WARN_SUSPICIOUS_MOVE = YES;
				CLANG_WARN_UNREACHABLE_CODE = YES;
				CLANG_WARN__DUPLICATE_METHOD_MATCH = YES;
				"CODE_SIGN_IDENTITY[sdk=iphoneos*]" = "iPhone Developer";
				COPY_PHASE_STRIP = NO;
				DEBUG_INFORMATION_FORMAT = "dwarf-with-dsym";
				ENABLE_NS_ASSERTIONS = NO;
				ENABLE_STRICT_OBJC_MSGSEND = YES;
				GCC_C_LANGUAGE_STANDARD = gnu99;
				GCC_NO_COMMON_BLOCKS = YES;
				GCC_WARN_64_TO_32_BIT_CONVERSION = YES;
				GCC_WARN_ABOUT_RETURN_TYPE = YES_ERROR;
				GCC_WARN_UNDECLARED_SELECTOR = YES;
				GCC_WARN_UNINITIALIZED_AUTOS = YES_AGGRESSIVE;
				GCC_WARN_UNUSED_FUNCTION = YES;
				GCC_WARN_UNUSED_VARIABLE = YES;
				IPHONEOS_DEPLOYMENT_TARGET = 10.0;
				MTL_ENABLE_DEBUG_INFO = NO;
				SDKROOT = iphoneos;
				SWIFT_OPTIMIZATION_LEVEL = "-Owholemodule";
				TARGETED_DEVICE_FAMILY = "1,2";
				VALIDATE_PRODUCT = YES;
			};
			name = Release;
		};
		C64FB31F1BB6CB1C0081E5B6 /* Debug */ = {
			isa = XCBuildConfiguration;
			buildSettings = {
				ALWAYS_EMBED_SWIFT_STANDARD_LIBRARIES = YES;
				ASSETCATALOG_COMPILER_APPICON_NAME = AppIcon;
				CODE_SIGN_IDENTITY = "iPhone Developer";
				FRAMEWORK_SEARCH_PATHS = "$(inherited)";
				INFOPLIST_FILE = "$(SRCROOT)/Example/Sources/Supporting Files/Info.plist";
				IPHONEOS_DEPLOYMENT_TARGET = 10.0;
				LD_RUNPATH_SEARCH_PATHS = "$(inherited) @executable_path/Frameworks";
				OTHER_SWIFT_FLAGS = "-DINSTRUCTIONS";
				PRODUCT_BUNDLE_IDENTIFIER = "com.ephread.Instructions-Example";
				PRODUCT_NAME = "$(TARGET_NAME)";
				SWIFT_VERSION = 5.0;
				TARGETED_DEVICE_FAMILY = "1,2";
			};
			name = Debug;
		};
		C64FB3201BB6CB1C0081E5B6 /* Release */ = {
			isa = XCBuildConfiguration;
			buildSettings = {
				ALWAYS_EMBED_SWIFT_STANDARD_LIBRARIES = YES;
				ASSETCATALOG_COMPILER_APPICON_NAME = AppIcon;
				CODE_SIGN_IDENTITY = "iPhone Developer";
				FRAMEWORK_SEARCH_PATHS = "$(inherited)";
				INFOPLIST_FILE = "$(SRCROOT)/Example/Sources/Supporting Files/Info.plist";
				IPHONEOS_DEPLOYMENT_TARGET = 10.0;
				LD_RUNPATH_SEARCH_PATHS = "$(inherited) @executable_path/Frameworks";
				OTHER_SWIFT_FLAGS = "-DINSTRUCTIONS";
				PRODUCT_BUNDLE_IDENTIFIER = "com.ephread.Instructions-Example";
				PRODUCT_NAME = "$(TARGET_NAME)";
				SWIFT_VERSION = 5.0;
				TARGETED_DEVICE_FAMILY = "1,2";
			};
			name = Release;
		};
/* End XCBuildConfiguration section */

/* Begin XCConfigurationList section */
		B639B28B20D4E71D009996CF /* Build configuration list for PBXNativeTarget "InstructionsSnapshotTests" */ = {
			isa = XCConfigurationList;
			buildConfigurations = (
				B639B28820D4E71D009996CF /* Debug */,
				B639B28920D4E71D009996CF /* Release */,
			);
			defaultConfigurationIsVisible = 0;
			defaultConfigurationName = Release;
		};
		B6C9D65420D3B7FC00EBC03A /* Build configuration list for PBXNativeTarget "InstructionsUnitTests" */ = {
			isa = XCConfigurationList;
			buildConfigurations = (
				B6C9D65520D3B7FC00EBC03A /* Debug */,
				B6C9D65620D3B7FC00EBC03A /* Release */,
			);
			defaultConfigurationIsVisible = 0;
			defaultConfigurationName = Release;
		};
		B6CA4A8B20BE7141006F42AC /* Build configuration list for PBXNativeTarget "InstructionsExampleUITests" */ = {
			isa = XCConfigurationList;
			buildConfigurations = (
				B6CA4A8C20BE7141006F42AC /* Debug */,
				B6CA4A8D20BE7141006F42AC /* Release */,
			);
			defaultConfigurationIsVisible = 0;
			defaultConfigurationName = Release;
		};
		C64FB3071BB6CB1C0081E5B6 /* Build configuration list for PBXProject "Instructions Example" */ = {
			isa = XCConfigurationList;
			buildConfigurations = (
				C64FB31C1BB6CB1C0081E5B6 /* Debug */,
				C64FB31D1BB6CB1C0081E5B6 /* Release */,
			);
			defaultConfigurationIsVisible = 0;
			defaultConfigurationName = Release;
		};
		C64FB31E1BB6CB1C0081E5B6 /* Build configuration list for PBXNativeTarget "InstructionsExample" */ = {
			isa = XCConfigurationList;
			buildConfigurations = (
				C64FB31F1BB6CB1C0081E5B6 /* Debug */,
				C64FB3201BB6CB1C0081E5B6 /* Release */,
			);
			defaultConfigurationIsVisible = 0;
			defaultConfigurationName = Release;
		};
/* End XCConfigurationList section */
	};
	rootObject = C64FB3041BB6CB1C0081E5B6 /* Project object */;
}
